PODS:
  - MobileVLCKit (3.3.10)

DEPENDENCIES:
  - MobileVLCKit (~> 3.3.0)

SPEC REPOS:
  https://github.com/CocoaPods/Specs.git:
    - MobileVLCKit

SPEC CHECKSUMS:
  MobileVLCKit: 34a4d22c48ea48a36c2a6fdf290d4ea094869ac0

PODFILE CHECKSUM: 9a08623281634f673c70c8ac7a9607571652c435

COCOAPODS: 1.8.4
