// !$*UTF8*$!
{
	archiveVersion = 1;
	classes = {
	};
	objectVersion = 46;
	objects = {

/* Begin PBXBuildFile section */
		41657C232059D49200AB915B /* VLCRendererDiscoverer.h in Headers */ = {isa = PBXBuildFile; fileRef = 41657C212059D49200AB915B /* VLCRendererDiscoverer.h */; };
		41657C242059D49200AB915B /* VLCRendererItem.h in Headers */ = {isa = PBXBuildFile; fileRef = 41657C222059D49200AB915B /* VLCRendererItem.h */; };
		41657C282059D56900AB915B /* TVVLCKit.h in Headers */ = {isa = PBXBuildFile; fileRef = 41657C272059D56900AB915B /* TVVLCKit.h */; };
		41657C2B2059D57900AB915B /* DynamicTVVLCKit.h in Headers */ = {isa = PBXBuildFile; fileRef = 41657C292059D57800AB915B /* DynamicTVVLCKit.h */; };
		41657C2C2059D57900AB915B /* DynamicMobileVLCKit.h in Headers */ = {isa = PBXBuildFile; fileRef = 41657C2A2059D57800AB915B /* DynamicMobileVLCKit.h */; };
		41657C2E2059D5CE00AB915B /* VLCRendererItem+Init.h in Headers */ = {isa = PBXBuildFile; fileRef = 41657C2D2059D5CE00AB915B /* VLCRendererItem+Init.h */; };
		41657C322059D63D00AB915B /* VLCHelperCode.h in Headers */ = {isa = PBXBuildFile; fileRef = 41657C312059D63D00AB915B /* VLCHelperCode.h */; };
		41657C3D2059D99E00AB915B /* VLCCustomDialogProvider.h in Headers */ = {isa = PBXBuildFile; fileRef = 41657C3A2059D99E00AB915B /* VLCCustomDialogProvider.h */; };
		41657C3E2059D99E00AB915B /* VLCEmbeddedDialogProvider.h in Headers */ = {isa = PBXBuildFile; fileRef = 41657C3B2059D99E00AB915B /* VLCEmbeddedDialogProvider.h */; };
		41657C3F2059D99E00AB915B /* VLCiOSLegacyDialogProvider.h in Headers */ = {isa = PBXBuildFile; fileRef = 41657C3C2059D99E00AB915B /* VLCiOSLegacyDialogProvider.h */; };
		41657C422059DE7B00AB915B /* VLCRendererDiscoverer.m in Sources */ = {isa = PBXBuildFile; fileRef = 41657C402059DE7B00AB915B /* VLCRendererDiscoverer.m */; };
		41657C432059DE7B00AB915B /* VLCRendererItem.m in Sources */ = {isa = PBXBuildFile; fileRef = 41657C412059DE7B00AB915B /* VLCRendererItem.m */; };
		7DC28D4B2019406B002D05C4 /* StaticLibVLC.m in Sources */ = {isa = PBXBuildFile; fileRef = 7DC28D4A2019406B002D05C4 /* StaticLibVLC.m */; };
		7DC28D4E20194117002D05C4 /* VLCEventManager.h in Headers */ = {isa = PBXBuildFile; fileRef = EF78BD0D0CAEEEC300354E6E /* VLCEventManager.h */; settings = {ATTRIBUTES = (); }; };
		7DC28D4F20194117002D05C4 /* VLCKit.h in Headers */ = {isa = PBXBuildFile; fileRef = EF78BD120CAEEEE700354E6E /* VLCKit.h */; settings = {ATTRIBUTES = (Public, ); }; };
		7DC28D5020194117002D05C4 /* VLCMedia.h in Headers */ = {isa = PBXBuildFile; fileRef = EF78BD130CAEEEE700354E6E /* VLCMedia.h */; settings = {ATTRIBUTES = (Public, ); }; };
		7DC28D5220194117002D05C4 /* VLCMediaLibrary.h in Headers */ = {isa = PBXBuildFile; fileRef = EF78BD150CAEEEE700354E6E /* VLCMediaLibrary.h */; settings = {ATTRIBUTES = (Public, ); }; };
		7DC28D5320194117002D05C4 /* VLCMediaList.h in Headers */ = {isa = PBXBuildFile; fileRef = EF78BD160CAEEEE700354E6E /* VLCMediaList.h */; settings = {ATTRIBUTES = (Public, ); }; };
		7DC28D5420194117002D05C4 /* VLCTime.h in Headers */ = {isa = PBXBuildFile; fileRef = EF78BD190CAEEEE700354E6E /* VLCTime.h */; settings = {ATTRIBUTES = (Public, ); }; };
		7DC28D5520194117002D05C4 /* VLCVideoView.h in Headers */ = {isa = PBXBuildFile; fileRef = EF78BD1A0CAEEEE700354E6E /* VLCVideoView.h */; settings = {ATTRIBUTES = (Public, ); }; };
		7DC28D5620194117002D05C4 /* VLCMediaPlayer.h in Headers */ = {isa = PBXBuildFile; fileRef = EF8BB8CE0CAFA8D80038A613 /* VLCMediaPlayer.h */; settings = {ATTRIBUTES = (Public, ); }; };
		7DC28D5720194117002D05C4 /* VLCAudio.h in Headers */ = {isa = PBXBuildFile; fileRef = EF73118E0CB5797B009473B4 /* VLCAudio.h */; settings = {ATTRIBUTES = (Public, ); }; };
		7DC28D5820194117002D05C4 /* VLCLibVLCBridging.h in Headers */ = {isa = PBXBuildFile; fileRef = EFD551DC0CC6DD720074CEE1 /* VLCLibVLCBridging.h */; };
		7DC28D5B20194117002D05C4 /* VLCMediaDiscoverer.h in Headers */ = {isa = PBXBuildFile; fileRef = 637D5ABC0CF6F2650073EA45 /* VLCMediaDiscoverer.h */; settings = {ATTRIBUTES = (Public, ); }; };
		7DC28D5D20194117002D05C4 /* VLCVideoLayer.h in Headers */ = {isa = PBXBuildFile; fileRef = 6341FCAE0D2C0929002A97B7 /* VLCVideoLayer.h */; settings = {ATTRIBUTES = (Public, ); }; };
		7DC28D5E20194117002D05C4 /* VLCLibrary.h in Headers */ = {isa = PBXBuildFile; fileRef = 637CFB930D2D280800A041B6 /* VLCLibrary.h */; settings = {ATTRIBUTES = (Public, ); }; };
		7DC28D5F20194117002D05C4 /* VLCVideoCommon.h in Headers */ = {isa = PBXBuildFile; fileRef = A7A0CEA20D2EF13000F2C039 /* VLCVideoCommon.h */; };
		7DC28D6020194117002D05C4 /* VLCDialogProvider.h in Headers */ = {isa = PBXBuildFile; fileRef = 7D34F5611C90A96C008A39F0 /* VLCDialogProvider.h */; };
		7DC28D6120194117002D05C4 /* VLCStreamSession.h in Headers */ = {isa = PBXBuildFile; fileRef = 632A0E830D3835C400AFC99B /* VLCStreamSession.h */; settings = {ATTRIBUTES = (Public, ); }; };
		7DC28D6220194117002D05C4 /* VLCStreamOutput.h in Headers */ = {isa = PBXBuildFile; fileRef = 632A0EC10D38392E00AFC99B /* VLCStreamOutput.h */; settings = {ATTRIBUTES = (Public, ); }; };
		7DC28D6320194117002D05C4 /* VLCMediaThumbnailer.h in Headers */ = {isa = PBXBuildFile; fileRef = 63D88D92124E9BF600F65FA0 /* VLCMediaThumbnailer.h */; settings = {ATTRIBUTES = (Public, ); }; };
		7DC28D6420194117002D05C4 /* VLCMediaListPlayer.h in Headers */ = {isa = PBXBuildFile; fileRef = 63014B7D1042E64A00534090 /* VLCMediaListPlayer.h */; settings = {ATTRIBUTES = (Public, ); }; };
		7DC28D6620194117002D05C4 /* VLCEventManager.m in Sources */ = {isa = PBXBuildFile; fileRef = EF78BD3C0CAEEFF600354E6E /* VLCEventManager.m */; };
		7DC28D6720194117002D05C4 /* VLCLibrary.m in Sources */ = {isa = PBXBuildFile; fileRef = EF78BD3D0CAEEFF600354E6E /* VLCLibrary.m */; };
		7DC28D6820194117002D05C4 /* VLCMedia.m in Sources */ = {isa = PBXBuildFile; fileRef = EF78BD3E0CAEEFF600354E6E /* VLCMedia.m */; };
		7DC28D6920194117002D05C4 /* VLCMediaLibrary.m in Sources */ = {isa = PBXBuildFile; fileRef = EF78BD400CAEEFF600354E6E /* VLCMediaLibrary.m */; };
		7DC28D6A20194117002D05C4 /* VLCMediaList.m in Sources */ = {isa = PBXBuildFile; fileRef = EF78BD410CAEEFF600354E6E /* VLCMediaList.m */; };
		7DC28D6B20194117002D05C4 /* VLCTime.m in Sources */ = {isa = PBXBuildFile; fileRef = EF78BD440CAEEFF600354E6E /* VLCTime.m */; };
		7DC28D6C20194117002D05C4 /* VLCVideoView.m in Sources */ = {isa = PBXBuildFile; fileRef = EF78BD450CAEEFF600354E6E /* VLCVideoView.m */; };
		7DC28D6D20194117002D05C4 /* VLCCustomDialogProvider.m in Sources */ = {isa = PBXBuildFile; fileRef = 7D34F5641C90A98B008A39F0 /* VLCCustomDialogProvider.m */; };
		7DC28D6E20194117002D05C4 /* VLCMediaPlayer.m in Sources */ = {isa = PBXBuildFile; fileRef = EF8BB8CF0CAFA8D80038A613 /* VLCMediaPlayer.m */; };
		7DC28D6F20194117002D05C4 /* VLCAudio.m in Sources */ = {isa = PBXBuildFile; fileRef = EF73118F0CB5797B009473B4 /* VLCAudio.m */; };
		7DC28D7020194117002D05C4 /* VLCDialogProvider.m in Sources */ = {isa = PBXBuildFile; fileRef = 7D34F5651C90A98B008A39F0 /* VLCDialogProvider.m */; };
		7DC28D7120194117002D05C4 /* VLCMediaDiscoverer.m in Sources */ = {isa = PBXBuildFile; fileRef = 637D5ADB0CF6F2720073EA45 /* VLCMediaDiscoverer.m */; };
		7DC28D7220194117002D05C4 /* VLCVideoLayer.m in Sources */ = {isa = PBXBuildFile; fileRef = 6341FCB00D2C0936002A97B7 /* VLCVideoLayer.m */; };
		7DC28D7320194117002D05C4 /* VLCVideoCommon.m in Sources */ = {isa = PBXBuildFile; fileRef = A7A0CEA30D2EF13000F2C039 /* VLCVideoCommon.m */; };
		7DC28D7420194117002D05C4 /* VLCStreamSession.m in Sources */ = {isa = PBXBuildFile; fileRef = 632A0E840D3835C400AFC99B /* VLCStreamSession.m */; };
		7DC28D7520194117002D05C4 /* VLCStreamOutput.m in Sources */ = {isa = PBXBuildFile; fileRef = 632A0EC20D38392E00AFC99B /* VLCStreamOutput.m */; };
		7DC28D7620194117002D05C4 /* VLCMediaListPlayer.m in Sources */ = {isa = PBXBuildFile; fileRef = 63014A781042ACE100534090 /* VLCMediaListPlayer.m */; };
		7DC28D7720194117002D05C4 /* VLCMediaThumbnailer.m in Sources */ = {isa = PBXBuildFile; fileRef = 636E974C11E8DCF1002FE8A9 /* VLCMediaThumbnailer.m */; };
		7DC28D7820194117002D05C4 /* VLCHelperCode.m in Sources */ = {isa = PBXBuildFile; fileRef = 7DF7A2041D197E8E0001FF69 /* VLCHelperCode.m */; };
		7DC28D7A20194117002D05C4 /* Cocoa.framework in Frameworks */ = {isa = PBXBuildFile; fileRef = 1058C7B1FEA5585E11CA2CBB /* Cocoa.framework */; };
		7DC28D7B20194117002D05C4 /* QuartzCore.framework in Frameworks */ = {isa = PBXBuildFile; fileRef = 6384FD070D0DBA20005EB1F7 /* QuartzCore.framework */; };
		7DC28D8120194134002D05C4 /* libStaticLibVLC.a in Frameworks */ = {isa = PBXBuildFile; fileRef = 7DC28D4120194043002D05C4 /* libStaticLibVLC.a */; };
		7DC28D83201941A4002D05C4 /* libiconv.tbd in Frameworks */ = {isa = PBXBuildFile; fileRef = 7DC28D82201941A4002D05C4 /* libiconv.tbd */; };
		7DC28D87201942A9002D05C4 /* vlc-plugins-MacOSX.h in Headers */ = {isa = PBXBuildFile; fileRef = 7DC28D84201942A9002D05C4 /* vlc-plugins-MacOSX.h */; };
		7DC28D89201942CD002D05C4 /* libc++.tbd in Frameworks */ = {isa = PBXBuildFile; fileRef = 7DC28D88201942CD002D05C4 /* libc++.tbd */; };
		7DC28D8B201942D2002D05C4 /* CoreAudio.framework in Frameworks */ = {isa = PBXBuildFile; fileRef = 7DC28D8A201942D2002D05C4 /* CoreAudio.framework */; };
		7DC28D8D201942D7002D05C4 /* VideoToolbox.framework in Frameworks */ = {isa = PBXBuildFile; fileRef = 7DC28D8C201942D7002D05C4 /* VideoToolbox.framework */; };
		7DC28D8F201942E3002D05C4 /* CoreGraphics.framework in Frameworks */ = {isa = PBXBuildFile; fileRef = 7DC28D8E201942E3002D05C4 /* CoreGraphics.framework */; };
		7DC28D91201942E8002D05C4 /* IOKit.framework in Frameworks */ = {isa = PBXBuildFile; fileRef = 7DC28D90201942E8002D05C4 /* IOKit.framework */; };
		7DC28D93201942EE002D05C4 /* CoreMedia.framework in Frameworks */ = {isa = PBXBuildFile; fileRef = 7DC28D92201942EE002D05C4 /* CoreMedia.framework */; };
		7DC28D9520194301002D05C4 /* Security.framework in Frameworks */ = {isa = PBXBuildFile; fileRef = 7DC28D9420194301002D05C4 /* Security.framework */; };
		7DC28D9720194305002D05C4 /* OpenGL.framework in Frameworks */ = {isa = PBXBuildFile; fileRef = 7DC28D9620194305002D05C4 /* OpenGL.framework */; };
		7DC28D9920194315002D05C4 /* libbz2.tbd in Frameworks */ = {isa = PBXBuildFile; fileRef = 7DC28D9820194315002D05C4 /* libbz2.tbd */; };
		7DC28D9B2019431B002D05C4 /* AudioUnit.framework in Frameworks */ = {isa = PBXBuildFile; fileRef = 7DC28D9A2019431A002D05C4 /* AudioUnit.framework */; };
		7DC28D9D20194324002D05C4 /* AudioToolbox.framework in Frameworks */ = {isa = PBXBuildFile; fileRef = 7DC28D9C20194324002D05C4 /* AudioToolbox.framework */; };
		7DEBDACE203C561D000A7D2F /* deprecated.h in CopyFiles */ = {isa = PBXBuildFile; fileRef = CCEC5B73114D9BE800D34AAB /* deprecated.h */; };
		7DEBDACF203C561D000A7D2F /* libvlc_events.h in CopyFiles */ = {isa = PBXBuildFile; fileRef = CCEC5B74114D9BE800D34AAB /* libvlc_events.h */; };
		7DEBDAD0203C561D000A7D2F /* libvlc_media_discoverer.h in CopyFiles */ = {isa = PBXBuildFile; fileRef = CCEC5B75114D9BE800D34AAB /* libvlc_media_discoverer.h */; };
		7DEBDAD1203C561D000A7D2F /* libvlc_media_library.h in CopyFiles */ = {isa = PBXBuildFile; fileRef = CCEC5B76114D9BE800D34AAB /* libvlc_media_library.h */; };
		7DEBDAD2203C561D000A7D2F /* libvlc_media_list_player.h in CopyFiles */ = {isa = PBXBuildFile; fileRef = CCEC5B77114D9BE800D34AAB /* libvlc_media_list_player.h */; };
		7DEBDAD3203C561D000A7D2F /* libvlc_media_list.h in CopyFiles */ = {isa = PBXBuildFile; fileRef = CCEC5B78114D9BE800D34AAB /* libvlc_media_list.h */; };
		7DEBDAD4203C561D000A7D2F /* libvlc_media_player.h in CopyFiles */ = {isa = PBXBuildFile; fileRef = CCEC5B79114D9BE800D34AAB /* libvlc_media_player.h */; };
		7DEBDAD5203C561D000A7D2F /* libvlc_media.h in CopyFiles */ = {isa = PBXBuildFile; fileRef = CCEC5B7A114D9BE800D34AAB /* libvlc_media.h */; };
		7DEBDAD6203C561D000A7D2F /* libvlc_renderer_discoverer.h in CopyFiles */ = {isa = PBXBuildFile; fileRef = CCEC5B7B114D9BE800D34AAB /* libvlc_renderer_discoverer.h */; };
		7DEBDAD7203C561D000A7D2F /* libvlc_vlm.h in CopyFiles */ = {isa = PBXBuildFile; fileRef = CCEC5B7C114D9BE800D34AAB /* libvlc_vlm.h */; };
		7DEBDAD8203C561D000A7D2F /* libvlc.h in CopyFiles */ = {isa = PBXBuildFile; fileRef = CCEC5B7D114D9BE800D34AAB /* libvlc.h */; };
		7DEBDAD9203C561D000A7D2F /* vlc.h in CopyFiles */ = {isa = PBXBuildFile; fileRef = CCEC5B7E114D9BE800D34AAB /* vlc.h */; };
		CA23EBC120BDF02700C0D635 /* VLCKit.framework in Frameworks */ = {isa = PBXBuildFile; fileRef = 7DC28D7F20194117002D05C4 /* VLCKit.framework */; };
		CA23EBCC20BDF07700C0D635 /* VLCTimeTest.swift in Sources */ = {isa = PBXBuildFile; fileRef = CA23EBCB20BDF07700C0D635 /* VLCTimeTest.swift */; };
		CABF4D5420D8E31700FCCE29 /* VLCMediaTest.swift in Sources */ = {isa = PBXBuildFile; fileRef = CABF4D5320D8E31700FCCE29 /* VLCMediaTest.swift */; };
/* End PBXBuildFile section */

/* Begin PBXContainerItemProxy section */
		7DACDDB62028A5A5002E2FE9 /* PBXContainerItemProxy */ = {
			isa = PBXContainerItemProxy;
			containerPortal = 0867D690FE84028FC02AAC07 /* Project object */;
			proxyType = 1;
			remoteGlobalIDString = 7DC28D4020194043002D05C4;
			remoteInfo = StaticLibVLC;
		};
		CA23EBC220BDF02700C0D635 /* PBXContainerItemProxy */ = {
			isa = PBXContainerItemProxy;
			containerPortal = 0867D690FE84028FC02AAC07 /* Project object */;
			proxyType = 1;
			remoteGlobalIDString = 7DC28D4C20194117002D05C4;
			remoteInfo = VLCKit;
		};
/* End PBXContainerItemProxy section */

/* Begin PBXCopyFilesBuildPhase section */
		7DEBDACD203C5607000A7D2F /* CopyFiles */ = {
			isa = PBXCopyFilesBuildPhase;
			buildActionMask = 2147483647;
			dstPath = ../Headers/vlc;
			dstSubfolderSpec = 7;
			files = (
				7DEBDACE203C561D000A7D2F /* deprecated.h in CopyFiles */,
				7DEBDACF203C561D000A7D2F /* libvlc_events.h in CopyFiles */,
				7DEBDAD0203C561D000A7D2F /* libvlc_media_discoverer.h in CopyFiles */,
				7DEBDAD1203C561D000A7D2F /* libvlc_media_library.h in CopyFiles */,
				7DEBDAD2203C561D000A7D2F /* libvlc_media_list_player.h in CopyFiles */,
				7DEBDAD3203C561D000A7D2F /* libvlc_media_list.h in CopyFiles */,
				7DEBDAD4203C561D000A7D2F /* libvlc_media_player.h in CopyFiles */,
				7DEBDAD5203C561D000A7D2F /* libvlc_media.h in CopyFiles */,
				7DEBDAD6203C561D000A7D2F /* libvlc_renderer_discoverer.h in CopyFiles */,
				7DEBDAD7203C561D000A7D2F /* libvlc_vlm.h in CopyFiles */,
				7DEBDAD8203C561D000A7D2F /* libvlc.h in CopyFiles */,
				7DEBDAD9203C561D000A7D2F /* vlc.h in CopyFiles */,
			);
			runOnlyForDeploymentPostprocessing = 0;
		};
/* End PBXCopyFilesBuildPhase section */

/* Begin PBXFileReference section */
		0867D69BFE84028FC02AAC07 /* Foundation.framework */ = {isa = PBXFileReference; lastKnownFileType = wrapper.framework; name = Foundation.framework; path = /System/Library/Frameworks/Foundation.framework; sourceTree = "<absolute>"; };
		0867D6A5FE840307C02AAC07 /* AppKit.framework */ = {isa = PBXFileReference; lastKnownFileType = wrapper.framework; name = AppKit.framework; path = /System/Library/Frameworks/AppKit.framework; sourceTree = "<absolute>"; };
		1058C7B1FEA5585E11CA2CBB /* Cocoa.framework */ = {isa = PBXFileReference; lastKnownFileType = wrapper.framework; name = Cocoa.framework; path = /System/Library/Frameworks/Cocoa.framework; sourceTree = "<absolute>"; };
		32DBCF5E0370ADEE00C91783 /* Prefix.pch */ = {isa = PBXFileReference; fileEncoding = 4; lastKnownFileType = sourcecode.c.h; name = Prefix.pch; path = Headers/PCH/Prefix.pch; sourceTree = "<group>"; };
		41657C212059D49200AB915B /* VLCRendererDiscoverer.h */ = {isa = PBXFileReference; fileEncoding = 4; lastKnownFileType = sourcecode.c.h; name = VLCRendererDiscoverer.h; path = Public/VLCRendererDiscoverer.h; sourceTree = "<group>"; };
		41657C222059D49200AB915B /* VLCRendererItem.h */ = {isa = PBXFileReference; fileEncoding = 4; lastKnownFileType = sourcecode.c.h; name = VLCRendererItem.h; path = Public/VLCRendererItem.h; sourceTree = "<group>"; };
		41657C272059D56900AB915B /* TVVLCKit.h */ = {isa = PBXFileReference; fileEncoding = 4; lastKnownFileType = sourcecode.c.h; name = TVVLCKit.h; path = Public/TVVLCKit.h; sourceTree = "<group>"; };
		41657C292059D57800AB915B /* DynamicTVVLCKit.h */ = {isa = PBXFileReference; fileEncoding = 4; lastKnownFileType = sourcecode.c.h; name = DynamicTVVLCKit.h; path = Public/DynamicTVVLCKit.h; sourceTree = "<group>"; };
		41657C2A2059D57800AB915B /* DynamicMobileVLCKit.h */ = {isa = PBXFileReference; fileEncoding = 4; lastKnownFileType = sourcecode.c.h; name = DynamicMobileVLCKit.h; path = Public/DynamicMobileVLCKit.h; sourceTree = "<group>"; };
		41657C2D2059D5CE00AB915B /* VLCRendererItem+Init.h */ = {isa = PBXFileReference; fileEncoding = 4; lastKnownFileType = sourcecode.c.h; name = "VLCRendererItem+Init.h"; path = "Internal/VLCRendererItem+Init.h"; sourceTree = "<group>"; };
		41657C312059D63D00AB915B /* VLCHelperCode.h */ = {isa = PBXFileReference; fileEncoding = 4; lastKnownFileType = sourcecode.c.h; name = VLCHelperCode.h; path = Internal/VLCHelperCode.h; sourceTree = "<group>"; };
		41657C3A2059D99E00AB915B /* VLCCustomDialogProvider.h */ = {isa = PBXFileReference; fileEncoding = 4; lastKnownFileType = sourcecode.c.h; name = VLCCustomDialogProvider.h; path = Internal/VLCCustomDialogProvider.h; sourceTree = "<group>"; };
		41657C3B2059D99E00AB915B /* VLCEmbeddedDialogProvider.h */ = {isa = PBXFileReference; fileEncoding = 4; lastKnownFileType = sourcecode.c.h; name = VLCEmbeddedDialogProvider.h; path = Internal/VLCEmbeddedDialogProvider.h; sourceTree = "<group>"; };
		41657C3C2059D99E00AB915B /* VLCiOSLegacyDialogProvider.h */ = {isa = PBXFileReference; fileEncoding = 4; lastKnownFileType = sourcecode.c.h; name = VLCiOSLegacyDialogProvider.h; path = Internal/VLCiOSLegacyDialogProvider.h; sourceTree = "<group>"; };
		41657C402059DE7B00AB915B /* VLCRendererDiscoverer.m */ = {isa = PBXFileReference; fileEncoding = 4; lastKnownFileType = sourcecode.c.objc; path = VLCRendererDiscoverer.m; sourceTree = "<group>"; };
		41657C412059DE7B00AB915B /* VLCRendererItem.m */ = {isa = PBXFileReference; fileEncoding = 4; lastKnownFileType = sourcecode.c.objc; path = VLCRendererItem.m; sourceTree = "<group>"; };
		63014A781042ACE100534090 /* VLCMediaListPlayer.m */ = {isa = PBXFileReference; fileEncoding = 4; lastKnownFileType = sourcecode.c.objc; path = VLCMediaListPlayer.m; sourceTree = "<group>"; };
		63014B7D1042E64A00534090 /* VLCMediaListPlayer.h */ = {isa = PBXFileReference; fileEncoding = 4; lastKnownFileType = sourcecode.c.h; name = VLCMediaListPlayer.h; path = Public/VLCMediaListPlayer.h; sourceTree = "<group>"; };
		63030CC70CCA652C0088ECD1 /* Info.plist */ = {isa = PBXFileReference; fileEncoding = 30; lastKnownFileType = text.plist.xml; name = Info.plist; path = Resources/VLCKit/Info.plist; sourceTree = "<group>"; };
		632A0E830D3835C400AFC99B /* VLCStreamSession.h */ = {isa = PBXFileReference; fileEncoding = 4; lastKnownFileType = sourcecode.c.h; name = VLCStreamSession.h; path = Public/VLCStreamSession.h; sourceTree = "<group>"; };
		632A0E840D3835C400AFC99B /* VLCStreamSession.m */ = {isa = PBXFileReference; fileEncoding = 4; lastKnownFileType = sourcecode.c.objc; path = VLCStreamSession.m; sourceTree = "<group>"; };
		632A0EC10D38392E00AFC99B /* VLCStreamOutput.h */ = {isa = PBXFileReference; fileEncoding = 4; lastKnownFileType = sourcecode.c.h; name = VLCStreamOutput.h; path = Public/VLCStreamOutput.h; sourceTree = "<group>"; };
		632A0EC20D38392E00AFC99B /* VLCStreamOutput.m */ = {isa = PBXFileReference; fileEncoding = 4; lastKnownFileType = sourcecode.c.objc; path = VLCStreamOutput.m; sourceTree = "<group>"; };
		634117B911D9344400FA3A70 /* MobileVLCKit.h */ = {isa = PBXFileReference; fileEncoding = 4; lastKnownFileType = sourcecode.c.h; name = MobileVLCKit.h; path = Public/MobileVLCKit.h; sourceTree = "<group>"; };
		6341FCAE0D2C0929002A97B7 /* VLCVideoLayer.h */ = {isa = PBXFileReference; fileEncoding = 4; lastKnownFileType = sourcecode.c.h; name = VLCVideoLayer.h; path = Public/VLCVideoLayer.h; sourceTree = "<group>"; };
		6341FCB00D2C0936002A97B7 /* VLCVideoLayer.m */ = {isa = PBXFileReference; fileEncoding = 4; lastKnownFileType = sourcecode.c.objc; path = VLCVideoLayer.m; sourceTree = "<group>"; };
		636E974C11E8DCF1002FE8A9 /* VLCMediaThumbnailer.m */ = {isa = PBXFileReference; fileEncoding = 4; lastKnownFileType = sourcecode.c.objc; path = VLCMediaThumbnailer.m; sourceTree = "<group>"; };
		637CFB930D2D280800A041B6 /* VLCLibrary.h */ = {isa = PBXFileReference; fileEncoding = 4; lastKnownFileType = sourcecode.c.h; name = VLCLibrary.h; path = Public/VLCLibrary.h; sourceTree = "<group>"; };
		637D5ABC0CF6F2650073EA45 /* VLCMediaDiscoverer.h */ = {isa = PBXFileReference; fileEncoding = 4; lastKnownFileType = sourcecode.c.h; name = VLCMediaDiscoverer.h; path = Public/VLCMediaDiscoverer.h; sourceTree = "<group>"; };
		637D5ADB0CF6F2720073EA45 /* VLCMediaDiscoverer.m */ = {isa = PBXFileReference; fileEncoding = 4; lastKnownFileType = sourcecode.c.objc; path = VLCMediaDiscoverer.m; sourceTree = "<group>"; };
		6384FD070D0DBA20005EB1F7 /* QuartzCore.framework */ = {isa = PBXFileReference; lastKnownFileType = wrapper.framework; name = QuartzCore.framework; path = /System/Library/Frameworks/QuartzCore.framework; sourceTree = "<absolute>"; };
		63D88D92124E9BF600F65FA0 /* VLCMediaThumbnailer.h */ = {isa = PBXFileReference; fileEncoding = 4; lastKnownFileType = sourcecode.c.h; name = VLCMediaThumbnailer.h; path = Public/VLCMediaThumbnailer.h; sourceTree = "<group>"; };
		7D34F5611C90A96C008A39F0 /* VLCDialogProvider.h */ = {isa = PBXFileReference; fileEncoding = 4; lastKnownFileType = sourcecode.c.h; name = VLCDialogProvider.h; path = Public/VLCDialogProvider.h; sourceTree = "<group>"; };
		7D34F5641C90A98B008A39F0 /* VLCCustomDialogProvider.m */ = {isa = PBXFileReference; fileEncoding = 4; lastKnownFileType = sourcecode.c.objc; path = VLCCustomDialogProvider.m; sourceTree = "<group>"; };
		7D34F5651C90A98B008A39F0 /* VLCDialogProvider.m */ = {isa = PBXFileReference; fileEncoding = 4; lastKnownFileType = sourcecode.c.objc; path = VLCDialogProvider.m; sourceTree = "<group>"; };
		7DC28D3C201938D9002D05C4 /* vlc-plugins-MacOSX.xcconfig */ = {isa = PBXFileReference; fileEncoding = 4; lastKnownFileType = text.xcconfig; name = "vlc-plugins-MacOSX.xcconfig"; path = "Resources/MobileVLCKit/vlc-plugins-MacOSX.xcconfig"; sourceTree = "<group>"; };
		7DC28D4120194043002D05C4 /* libStaticLibVLC.a */ = {isa = PBXFileReference; explicitFileType = archive.ar; includeInIndex = 0; path = libStaticLibVLC.a; sourceTree = BUILT_PRODUCTS_DIR; };
		7DC28D4A2019406B002D05C4 /* StaticLibVLC.m */ = {isa = PBXFileReference; fileEncoding = 4; lastKnownFileType = sourcecode.c.objc; name = StaticLibVLC.m; path = Sources/StaticLibVLC.m; sourceTree = SOURCE_ROOT; };
		7DC28D7F20194117002D05C4 /* VLCKit.framework */ = {isa = PBXFileReference; explicitFileType = wrapper.framework; includeInIndex = 0; path = VLCKit.framework; sourceTree = BUILT_PRODUCTS_DIR; };
		7DC28D82201941A4002D05C4 /* libiconv.tbd */ = {isa = PBXFileReference; lastKnownFileType = "sourcecode.text-based-dylib-definition"; name = libiconv.tbd; path = usr/lib/libiconv.tbd; sourceTree = SDKROOT; };
		7DC28D84201942A9002D05C4 /* vlc-plugins-MacOSX.h */ = {isa = PBXFileReference; fileEncoding = 4; lastKnownFileType = sourcecode.c.h; name = "vlc-plugins-MacOSX.h"; path = "Resources/MobileVLCKit/vlc-plugins-MacOSX.h"; sourceTree = SOURCE_ROOT; };
		7DC28D88201942CD002D05C4 /* libc++.tbd */ = {isa = PBXFileReference; lastKnownFileType = "sourcecode.text-based-dylib-definition"; name = "libc++.tbd"; path = "usr/lib/libc++.tbd"; sourceTree = SDKROOT; };
		7DC28D8A201942D2002D05C4 /* CoreAudio.framework */ = {isa = PBXFileReference; lastKnownFileType = wrapper.framework; name = CoreAudio.framework; path = System/Library/Frameworks/CoreAudio.framework; sourceTree = SDKROOT; };
		7DC28D8C201942D7002D05C4 /* VideoToolbox.framework */ = {isa = PBXFileReference; lastKnownFileType = wrapper.framework; name = VideoToolbox.framework; path = System/Library/Frameworks/VideoToolbox.framework; sourceTree = SDKROOT; };
		7DC28D8E201942E3002D05C4 /* CoreGraphics.framework */ = {isa = PBXFileReference; lastKnownFileType = wrapper.framework; name = CoreGraphics.framework; path = System/Library/Frameworks/CoreGraphics.framework; sourceTree = SDKROOT; };
		7DC28D90201942E8002D05C4 /* IOKit.framework */ = {isa = PBXFileReference; lastKnownFileType = wrapper.framework; name = IOKit.framework; path = System/Library/Frameworks/IOKit.framework; sourceTree = SDKROOT; };
		7DC28D92201942EE002D05C4 /* CoreMedia.framework */ = {isa = PBXFileReference; lastKnownFileType = wrapper.framework; name = CoreMedia.framework; path = System/Library/Frameworks/CoreMedia.framework; sourceTree = SDKROOT; };
		7DC28D9420194301002D05C4 /* Security.framework */ = {isa = PBXFileReference; lastKnownFileType = wrapper.framework; name = Security.framework; path = System/Library/Frameworks/Security.framework; sourceTree = SDKROOT; };
		7DC28D9620194305002D05C4 /* OpenGL.framework */ = {isa = PBXFileReference; lastKnownFileType = wrapper.framework; name = OpenGL.framework; path = System/Library/Frameworks/OpenGL.framework; sourceTree = SDKROOT; };
		7DC28D9820194315002D05C4 /* libbz2.tbd */ = {isa = PBXFileReference; lastKnownFileType = "sourcecode.text-based-dylib-definition"; name = libbz2.tbd; path = usr/lib/libbz2.tbd; sourceTree = SDKROOT; };
		7DC28D9A2019431A002D05C4 /* AudioUnit.framework */ = {isa = PBXFileReference; lastKnownFileType = wrapper.framework; name = AudioUnit.framework; path = System/Library/Frameworks/AudioUnit.framework; sourceTree = SDKROOT; };
		7DC28D9C20194324002D05C4 /* AudioToolbox.framework */ = {isa = PBXFileReference; lastKnownFileType = wrapper.framework; name = AudioToolbox.framework; path = System/Library/Frameworks/AudioToolbox.framework; sourceTree = SDKROOT; };
		7DF7A2041D197E8E0001FF69 /* VLCHelperCode.m */ = {isa = PBXFileReference; fileEncoding = 4; lastKnownFileType = sourcecode.c.objc; path = VLCHelperCode.m; sourceTree = "<group>"; };
		A7A0CEA20D2EF13000F2C039 /* VLCVideoCommon.h */ = {isa = PBXFileReference; fileEncoding = 4; lastKnownFileType = sourcecode.c.h; name = VLCVideoCommon.h; path = Internal/VLCVideoCommon.h; sourceTree = "<group>"; };
		A7A0CEA30D2EF13000F2C039 /* VLCVideoCommon.m */ = {isa = PBXFileReference; fileEncoding = 4; lastKnownFileType = sourcecode.c.objc; path = VLCVideoCommon.m; sourceTree = "<group>"; };
		CA23EBBC20BDF02700C0D635 /* VLCKitTests.xctest */ = {isa = PBXFileReference; explicitFileType = wrapper.cfbundle; includeInIndex = 0; path = VLCKitTests.xctest; sourceTree = BUILT_PRODUCTS_DIR; };
		CA23EBC020BDF02700C0D635 /* Info.plist */ = {isa = PBXFileReference; lastKnownFileType = text.plist.xml; path = Info.plist; sourceTree = "<group>"; };
		CA23EBCA20BDF07700C0D635 /* VLCKitTests-Bridging-Header.h */ = {isa = PBXFileReference; lastKnownFileType = sourcecode.c.h; path = "VLCKitTests-Bridging-Header.h"; sourceTree = "<group>"; };
		CA23EBCB20BDF07700C0D635 /* VLCTimeTest.swift */ = {isa = PBXFileReference; fileEncoding = 4; lastKnownFileType = sourcecode.swift; path = VLCTimeTest.swift; sourceTree = "<group>"; };
		CABF4D5320D8E31700FCCE29 /* VLCMediaTest.swift */ = {isa = PBXFileReference; fileEncoding = 4; lastKnownFileType = sourcecode.swift; path = VLCMediaTest.swift; sourceTree = "<group>"; };
		CCEC5B73114D9BE800D34AAB /* deprecated.h */ = {isa = PBXFileReference; fileEncoding = 4; lastKnownFileType = sourcecode.c.h; name = deprecated.h; path = libvlc/vlc/include/vlc/deprecated.h; sourceTree = SOURCE_ROOT; };
		CCEC5B74114D9BE800D34AAB /* libvlc_events.h */ = {isa = PBXFileReference; fileEncoding = 4; lastKnownFileType = sourcecode.c.h; name = libvlc_events.h; path = libvlc/vlc/include/vlc/libvlc_events.h; sourceTree = SOURCE_ROOT; };
		CCEC5B75114D9BE800D34AAB /* libvlc_media_discoverer.h */ = {isa = PBXFileReference; fileEncoding = 4; lastKnownFileType = sourcecode.c.h; name = libvlc_media_discoverer.h; path = libvlc/vlc/include/vlc/libvlc_media_discoverer.h; sourceTree = SOURCE_ROOT; };
		CCEC5B76114D9BE800D34AAB /* libvlc_media_library.h */ = {isa = PBXFileReference; fileEncoding = 4; lastKnownFileType = sourcecode.c.h; name = libvlc_media_library.h; path = libvlc/vlc/include/vlc/libvlc_media_library.h; sourceTree = SOURCE_ROOT; };
		CCEC5B77114D9BE800D34AAB /* libvlc_media_list_player.h */ = {isa = PBXFileReference; fileEncoding = 4; lastKnownFileType = sourcecode.c.h; name = libvlc_media_list_player.h; path = libvlc/vlc/include/vlc/libvlc_media_list_player.h; sourceTree = SOURCE_ROOT; };
		CCEC5B78114D9BE800D34AAB /* libvlc_media_list.h */ = {isa = PBXFileReference; fileEncoding = 4; lastKnownFileType = sourcecode.c.h; name = libvlc_media_list.h; path = libvlc/vlc/include/vlc/libvlc_media_list.h; sourceTree = SOURCE_ROOT; };
		CCEC5B79114D9BE800D34AAB /* libvlc_media_player.h */ = {isa = PBXFileReference; fileEncoding = 4; lastKnownFileType = sourcecode.c.h; name = libvlc_media_player.h; path = libvlc/vlc/include/vlc/libvlc_media_player.h; sourceTree = SOURCE_ROOT; };
		CCEC5B7A114D9BE800D34AAB /* libvlc_media.h */ = {isa = PBXFileReference; fileEncoding = 4; lastKnownFileType = sourcecode.c.h; name = libvlc_media.h; path = libvlc/vlc/include/vlc/libvlc_media.h; sourceTree = SOURCE_ROOT; };
		CCEC5B7B114D9BE800D34AAB /* libvlc_renderer_discoverer.h */ = {isa = PBXFileReference; fileEncoding = 4; lastKnownFileType = sourcecode.c.h; name = libvlc_renderer_discoverer.h; path = libvlc/vlc/include/vlc/libvlc_renderer_discoverer.h; sourceTree = SOURCE_ROOT; };
		CCEC5B7C114D9BE800D34AAB /* libvlc_vlm.h */ = {isa = PBXFileReference; fileEncoding = 4; lastKnownFileType = sourcecode.c.h; name = libvlc_vlm.h; path = libvlc/vlc/include/vlc/libvlc_vlm.h; sourceTree = SOURCE_ROOT; };
		CCEC5B7D114D9BE800D34AAB /* libvlc.h */ = {isa = PBXFileReference; fileEncoding = 4; lastKnownFileType = sourcecode.c.h; name = libvlc.h; path = libvlc/vlc/include/vlc/libvlc.h; sourceTree = SOURCE_ROOT; };
		CCEC5B7E114D9BE800D34AAB /* vlc.h */ = {isa = PBXFileReference; fileEncoding = 4; lastKnownFileType = sourcecode.c.h; name = vlc.h; path = libvlc/vlc/include/vlc/vlc.h; sourceTree = SOURCE_ROOT; };
		EF73118E0CB5797B009473B4 /* VLCAudio.h */ = {isa = PBXFileReference; fileEncoding = 4; lastKnownFileType = sourcecode.c.h; name = VLCAudio.h; path = Public/VLCAudio.h; sourceTree = "<group>"; };
		EF73118F0CB5797B009473B4 /* VLCAudio.m */ = {isa = PBXFileReference; fileEncoding = 4; lastKnownFileType = sourcecode.c.objc; path = VLCAudio.m; sourceTree = "<group>"; };
		EF78BD0D0CAEEEC300354E6E /* VLCEventManager.h */ = {isa = PBXFileReference; fileEncoding = 4; lastKnownFileType = sourcecode.c.h; name = VLCEventManager.h; path = Internal/VLCEventManager.h; sourceTree = "<group>"; };
		EF78BD120CAEEEE700354E6E /* VLCKit.h */ = {isa = PBXFileReference; fileEncoding = 4; lastKnownFileType = sourcecode.c.h; name = VLCKit.h; path = Public/VLCKit.h; sourceTree = "<group>"; };
		EF78BD130CAEEEE700354E6E /* VLCMedia.h */ = {isa = PBXFileReference; fileEncoding = 4; lastKnownFileType = sourcecode.c.h; name = VLCMedia.h; path = Public/VLCMedia.h; sourceTree = "<group>"; };
		EF78BD150CAEEEE700354E6E /* VLCMediaLibrary.h */ = {isa = PBXFileReference; fileEncoding = 4; lastKnownFileType = sourcecode.c.h; name = VLCMediaLibrary.h; path = Public/VLCMediaLibrary.h; sourceTree = "<group>"; };
		EF78BD160CAEEEE700354E6E /* VLCMediaList.h */ = {isa = PBXFileReference; fileEncoding = 4; lastKnownFileType = sourcecode.c.h; name = VLCMediaList.h; path = Public/VLCMediaList.h; sourceTree = "<group>"; };
		EF78BD190CAEEEE700354E6E /* VLCTime.h */ = {isa = PBXFileReference; fileEncoding = 4; lastKnownFileType = sourcecode.c.h; name = VLCTime.h; path = Public/VLCTime.h; sourceTree = "<group>"; };
		EF78BD1A0CAEEEE700354E6E /* VLCVideoView.h */ = {isa = PBXFileReference; fileEncoding = 4; lastKnownFileType = sourcecode.c.h; name = VLCVideoView.h; path = Public/VLCVideoView.h; sourceTree = "<group>"; };
		EF78BD3C0CAEEFF600354E6E /* VLCEventManager.m */ = {isa = PBXFileReference; fileEncoding = 4; lastKnownFileType = sourcecode.c.objc; path = VLCEventManager.m; sourceTree = "<group>"; };
		EF78BD3D0CAEEFF600354E6E /* VLCLibrary.m */ = {isa = PBXFileReference; fileEncoding = 4; lastKnownFileType = sourcecode.c.objc; path = VLCLibrary.m; sourceTree = "<group>"; };
		EF78BD3E0CAEEFF600354E6E /* VLCMedia.m */ = {isa = PBXFileReference; fileEncoding = 4; lastKnownFileType = sourcecode.c.objc; path = VLCMedia.m; sourceTree = "<group>"; };
		EF78BD400CAEEFF600354E6E /* VLCMediaLibrary.m */ = {isa = PBXFileReference; fileEncoding = 4; lastKnownFileType = sourcecode.c.objc; path = VLCMediaLibrary.m; sourceTree = "<group>"; };
		EF78BD410CAEEFF600354E6E /* VLCMediaList.m */ = {isa = PBXFileReference; fileEncoding = 4; lastKnownFileType = sourcecode.c.objc; path = VLCMediaList.m; sourceTree = "<group>"; };
		EF78BD440CAEEFF600354E6E /* VLCTime.m */ = {isa = PBXFileReference; fileEncoding = 4; lastKnownFileType = sourcecode.c.objc; path = VLCTime.m; sourceTree = "<group>"; };
		EF78BD450CAEEFF600354E6E /* VLCVideoView.m */ = {isa = PBXFileReference; fileEncoding = 4; lastKnownFileType = sourcecode.c.objc; path = VLCVideoView.m; sourceTree = "<group>"; };
		EF8BB8CE0CAFA8D80038A613 /* VLCMediaPlayer.h */ = {isa = PBXFileReference; fileEncoding = 4; lastKnownFileType = sourcecode.c.h; name = VLCMediaPlayer.h; path = Public/VLCMediaPlayer.h; sourceTree = "<group>"; };
		EF8BB8CF0CAFA8D80038A613 /* VLCMediaPlayer.m */ = {isa = PBXFileReference; fileEncoding = 4; lastKnownFileType = sourcecode.c.objc; path = VLCMediaPlayer.m; sourceTree = "<group>"; };
		EFD551DC0CC6DD720074CEE1 /* VLCLibVLCBridging.h */ = {isa = PBXFileReference; fileEncoding = 4; lastKnownFileType = sourcecode.c.h; name = VLCLibVLCBridging.h; path = Internal/VLCLibVLCBridging.h; sourceTree = "<group>"; };
/* End PBXFileReference section */

/* Begin PBXFrameworksBuildPhase section */
		7DC28D3E20194043002D05C4 /* Frameworks */ = {
			isa = PBXFrameworksBuildPhase;
			buildActionMask = 2147483647;
			files = (
			);
			runOnlyForDeploymentPostprocessing = 0;
		};
		7DC28D7920194117002D05C4 /* Frameworks */ = {
			isa = PBXFrameworksBuildPhase;
			buildActionMask = 2147483647;
			files = (
				7DC28D9D20194324002D05C4 /* AudioToolbox.framework in Frameworks */,
				7DC28D9B2019431B002D05C4 /* AudioUnit.framework in Frameworks */,
				7DC28D9920194315002D05C4 /* libbz2.tbd in Frameworks */,
				7DC28D9720194305002D05C4 /* OpenGL.framework in Frameworks */,
				7DC28D9520194301002D05C4 /* Security.framework in Frameworks */,
				7DC28D93201942EE002D05C4 /* CoreMedia.framework in Frameworks */,
				7DC28D91201942E8002D05C4 /* IOKit.framework in Frameworks */,
				7DC28D8F201942E3002D05C4 /* CoreGraphics.framework in Frameworks */,
				7DC28D8D201942D7002D05C4 /* VideoToolbox.framework in Frameworks */,
				7DC28D8B201942D2002D05C4 /* CoreAudio.framework in Frameworks */,
				7DC28D89201942CD002D05C4 /* libc++.tbd in Frameworks */,
				7DC28D83201941A4002D05C4 /* libiconv.tbd in Frameworks */,
				7DC28D8120194134002D05C4 /* libStaticLibVLC.a in Frameworks */,
				7DC28D7A20194117002D05C4 /* Cocoa.framework in Frameworks */,
				7DC28D7B20194117002D05C4 /* QuartzCore.framework in Frameworks */,
			);
			runOnlyForDeploymentPostprocessing = 0;
		};
		CA23EBB920BDF02700C0D635 /* Frameworks */ = {
			isa = PBXFrameworksBuildPhase;
			buildActionMask = 2147483647;
			files = (
				CA23EBC120BDF02700C0D635 /* VLCKit.framework in Frameworks */,
			);
			runOnlyForDeploymentPostprocessing = 0;
		};
/* End PBXFrameworksBuildPhase section */

/* Begin PBXGroup section */
		034768DFFF38A50411DB9C8B /* Products */ = {
			isa = PBXGroup;
			children = (
				7DC28D4120194043002D05C4 /* libStaticLibVLC.a */,
				7DC28D7F20194117002D05C4 /* VLCKit.framework */,
				CA23EBBC20BDF02700C0D635 /* VLCKitTests.xctest */,
			);
			name = Products;
			sourceTree = "<group>";
		};
		0867D691FE84028FC02AAC07 /* VLC */ = {
			isa = PBXGroup;
			children = (
				EF78BD3B0CAEEFD000354E6E /* Headers */,
				08FB77AEFE84172EC02AAC07 /* Sources */,
				32C88DFF0371C24200C91783 /* Other Sources */,
				089C1665FE841158C02AAC07 /* Resources */,
				CA0B184920BDEFB0001CA52B /* Tests */,
				0867D69AFE84028FC02AAC07 /* External Frameworks and Libraries */,
				7DC28D4220194043002D05C4 /* StaticLibVLC */,
				034768DFFF38A50411DB9C8B /* Products */,
				7DF2DC2F1D6314FB00CDA90D /* Frameworks */,
			);
			name = VLC;
			sourceTree = "<group>";
		};
		0867D69AFE84028FC02AAC07 /* External Frameworks and Libraries */ = {
			isa = PBXGroup;
			children = (
				1058C7B0FEA5585E11CA2CBB /* Linked Frameworks */,
				1058C7B2FEA5585E11CA2CBB /* Other Frameworks */,
			);
			name = "External Frameworks and Libraries";
			sourceTree = "<group>";
		};
		089C1665FE841158C02AAC07 /* Resources */ = {
			isa = PBXGroup;
			children = (
				63030CC70CCA652C0088ECD1 /* Info.plist */,
			);
			name = Resources;
			sourceTree = "<group>";
		};
		08FB77AEFE84172EC02AAC07 /* Sources */ = {
			isa = PBXGroup;
			children = (
				41657C402059DE7B00AB915B /* VLCRendererDiscoverer.m */,
				41657C412059DE7B00AB915B /* VLCRendererItem.m */,
				EF78BD3C0CAEEFF600354E6E /* VLCEventManager.m */,
				EF78BD3D0CAEEFF600354E6E /* VLCLibrary.m */,
				EF78BD3E0CAEEFF600354E6E /* VLCMedia.m */,
				637D5ADB0CF6F2720073EA45 /* VLCMediaDiscoverer.m */,
				EF78BD410CAEEFF600354E6E /* VLCMediaList.m */,
				63014A781042ACE100534090 /* VLCMediaListPlayer.m */,
				EF8BB8CF0CAFA8D80038A613 /* VLCMediaPlayer.m */,
				636E974C11E8DCF1002FE8A9 /* VLCMediaThumbnailer.m */,
				EF78BD400CAEEFF600354E6E /* VLCMediaLibrary.m */,
				A7A0CEA30D2EF13000F2C039 /* VLCVideoCommon.m */,
				6341FCB00D2C0936002A97B7 /* VLCVideoLayer.m */,
				EF78BD450CAEEFF600354E6E /* VLCVideoView.m */,
				EF78BD440CAEEFF600354E6E /* VLCTime.m */,
				EF73118F0CB5797B009473B4 /* VLCAudio.m */,
				7DF7A2041D197E8E0001FF69 /* VLCHelperCode.m */,
				7D34F56C1C90A990008A39F0 /* Dialogs */,
				632A0F7B0D38F78500AFC99B /* Stream */,
			);
			path = Sources;
			sourceTree = "<group>";
		};
		1058C7B0FEA5585E11CA2CBB /* Linked Frameworks */ = {
			isa = PBXGroup;
			children = (
				6384FD070D0DBA20005EB1F7 /* QuartzCore.framework */,
				1058C7B1FEA5585E11CA2CBB /* Cocoa.framework */,
			);
			name = "Linked Frameworks";
			sourceTree = "<group>";
		};
		1058C7B2FEA5585E11CA2CBB /* Other Frameworks */ = {
			isa = PBXGroup;
			children = (
				0867D6A5FE840307C02AAC07 /* AppKit.framework */,
				0867D69BFE84028FC02AAC07 /* Foundation.framework */,
			);
			name = "Other Frameworks";
			sourceTree = "<group>";
		};
		32C88DFF0371C24200C91783 /* Other Sources */ = {
			isa = PBXGroup;
			children = (
				32DBCF5E0370ADEE00C91783 /* Prefix.pch */,
				7DC28D3C201938D9002D05C4 /* vlc-plugins-MacOSX.xcconfig */,
			);
			name = "Other Sources";
			sourceTree = "<group>";
		};
		632A0F7B0D38F78500AFC99B /* Stream */ = {
			isa = PBXGroup;
			children = (
				632A0E840D3835C400AFC99B /* VLCStreamSession.m */,
				632A0EC20D38392E00AFC99B /* VLCStreamOutput.m */,
			);
			name = Stream;
			sourceTree = "<group>";
		};
		632A0F7C0D38F79200AFC99B /* Stream */ = {
			isa = PBXGroup;
			children = (
				632A0E830D3835C400AFC99B /* VLCStreamSession.h */,
				632A0EC10D38392E00AFC99B /* VLCStreamOutput.h */,
			);
			name = Stream;
			sourceTree = "<group>";
		};
		637CFB960D2D281900A041B6 /* Internal */ = {
			isa = PBXGroup;
			children = (
				7DC28D84201942A9002D05C4 /* vlc-plugins-MacOSX.h */,
				EFD551DC0CC6DD720074CEE1 /* VLCLibVLCBridging.h */,
				EF78BD0D0CAEEEC300354E6E /* VLCEventManager.h */,
				A7A0CEA20D2EF13000F2C039 /* VLCVideoCommon.h */,
				41657C3A2059D99E00AB915B /* VLCCustomDialogProvider.h */,
				41657C3B2059D99E00AB915B /* VLCEmbeddedDialogProvider.h */,
				41657C3C2059D99E00AB915B /* VLCiOSLegacyDialogProvider.h */,
				41657C2D2059D5CE00AB915B /* VLCRendererItem+Init.h */,
				41657C312059D63D00AB915B /* VLCHelperCode.h */,
			);
			name = Internal;
			sourceTree = "<group>";
		};
		7D34F56C1C90A990008A39F0 /* Dialogs */ = {
			isa = PBXGroup;
			children = (
				7D34F5641C90A98B008A39F0 /* VLCCustomDialogProvider.m */,
				7D34F5651C90A98B008A39F0 /* VLCDialogProvider.m */,
			);
			name = Dialogs;
			sourceTree = "<group>";
		};
		7DC28D4220194043002D05C4 /* StaticLibVLC */ = {
			isa = PBXGroup;
			children = (
				7DC28D4A2019406B002D05C4 /* StaticLibVLC.m */,
			);
			path = StaticLibVLC;
			sourceTree = "<group>";
		};
		7DF2DC2F1D6314FB00CDA90D /* Frameworks */ = {
			isa = PBXGroup;
			children = (
				7DC28D9C20194324002D05C4 /* AudioToolbox.framework */,
				7DC28D9A2019431A002D05C4 /* AudioUnit.framework */,
				7DC28D9820194315002D05C4 /* libbz2.tbd */,
				7DC28D9620194305002D05C4 /* OpenGL.framework */,
				7DC28D9420194301002D05C4 /* Security.framework */,
				7DC28D92201942EE002D05C4 /* CoreMedia.framework */,
				7DC28D90201942E8002D05C4 /* IOKit.framework */,
				7DC28D8E201942E3002D05C4 /* CoreGraphics.framework */,
				7DC28D8C201942D7002D05C4 /* VideoToolbox.framework */,
				7DC28D8A201942D2002D05C4 /* CoreAudio.framework */,
				7DC28D88201942CD002D05C4 /* libc++.tbd */,
				7DC28D82201941A4002D05C4 /* libiconv.tbd */,
			);
			name = Frameworks;
			sourceTree = "<group>";
		};
		CA0B184920BDEFB0001CA52B /* Tests */ = {
			isa = PBXGroup;
			children = (
				CA23EBC720BDF03400C0D635 /* Sources */,
				CA23EBBD20BDF02700C0D635 /* VLCKitTests */,
			);
			path = Tests;
			sourceTree = "<group>";
		};
		CA23EBBD20BDF02700C0D635 /* VLCKitTests */ = {
			isa = PBXGroup;
			children = (
				CA23EBCA20BDF07700C0D635 /* VLCKitTests-Bridging-Header.h */,
				CA23EBC020BDF02700C0D635 /* Info.plist */,
			);
			path = VLCKitTests;
			sourceTree = "<group>";
		};
		CA23EBC720BDF03400C0D635 /* Sources */ = {
			isa = PBXGroup;
			children = (
				CABF4D5320D8E31700FCCE29 /* VLCMediaTest.swift */,
				CA23EBCB20BDF07700C0D635 /* VLCTimeTest.swift */,
			);
			path = Sources;
			sourceTree = "<group>";
		};
		CCEC5B6C114D9BD300D34AAB /* libvlc */ = {
			isa = PBXGroup;
			children = (
				CCEC5B73114D9BE800D34AAB /* deprecated.h */,
				CCEC5B74114D9BE800D34AAB /* libvlc_events.h */,
				CCEC5B75114D9BE800D34AAB /* libvlc_media_discoverer.h */,
				CCEC5B76114D9BE800D34AAB /* libvlc_media_library.h */,
				CCEC5B77114D9BE800D34AAB /* libvlc_media_list_player.h */,
				CCEC5B78114D9BE800D34AAB /* libvlc_media_list.h */,
				CCEC5B79114D9BE800D34AAB /* libvlc_media_player.h */,
				CCEC5B7A114D9BE800D34AAB /* libvlc_media.h */,
				CCEC5B7B114D9BE800D34AAB /* libvlc_renderer_discoverer.h */,
				CCEC5B7C114D9BE800D34AAB /* libvlc_vlm.h */,
				CCEC5B7D114D9BE800D34AAB /* libvlc.h */,
				CCEC5B7E114D9BE800D34AAB /* vlc.h */,
			);
			name = libvlc;
			sourceTree = "<group>";
		};
		EF6BC9110DA1932F00DD37EF /* Public */ = {
			isa = PBXGroup;
			children = (
				41657C2A2059D57800AB915B /* DynamicMobileVLCKit.h */,
				41657C292059D57800AB915B /* DynamicTVVLCKit.h */,
				634117B911D9344400FA3A70 /* MobileVLCKit.h */,
				632A0F7C0D38F79200AFC99B /* Stream */,
				41657C272059D56900AB915B /* TVVLCKit.h */,
				EF73118E0CB5797B009473B4 /* VLCAudio.h */,
				7D34F5611C90A96C008A39F0 /* VLCDialogProvider.h */,
				EF78BD120CAEEEE700354E6E /* VLCKit.h */,
				637CFB930D2D280800A041B6 /* VLCLibrary.h */,
				EF78BD130CAEEEE700354E6E /* VLCMedia.h */,
				637D5ABC0CF6F2650073EA45 /* VLCMediaDiscoverer.h */,
				EF78BD150CAEEEE700354E6E /* VLCMediaLibrary.h */,
				EF78BD160CAEEEE700354E6E /* VLCMediaList.h */,
				63014B7D1042E64A00534090 /* VLCMediaListPlayer.h */,
				EF8BB8CE0CAFA8D80038A613 /* VLCMediaPlayer.h */,
				63D88D92124E9BF600F65FA0 /* VLCMediaThumbnailer.h */,
				41657C212059D49200AB915B /* VLCRendererDiscoverer.h */,
				41657C222059D49200AB915B /* VLCRendererItem.h */,
				EF78BD190CAEEEE700354E6E /* VLCTime.h */,
				6341FCAE0D2C0929002A97B7 /* VLCVideoLayer.h */,
				EF78BD1A0CAEEEE700354E6E /* VLCVideoView.h */,
			);
			name = Public;
			sourceTree = "<group>";
		};
		EF78BD3B0CAEEFD000354E6E /* Headers */ = {
			isa = PBXGroup;
			children = (
				CCEC5B6C114D9BD300D34AAB /* libvlc */,
				637CFB960D2D281900A041B6 /* Internal */,
				EF6BC9110DA1932F00DD37EF /* Public */,
			);
			path = Headers;
			sourceTree = "<group>";
		};
/* End PBXGroup section */

/* Begin PBXHeadersBuildPhase section */
		7DC28D3F20194043002D05C4 /* Headers */ = {
			isa = PBXHeadersBuildPhase;
			buildActionMask = 2147483647;
			files = (
			);
			runOnlyForDeploymentPostprocessing = 0;
		};
		7DC28D4D20194117002D05C4 /* Headers */ = {
			isa = PBXHeadersBuildPhase;
			buildActionMask = 2147483647;
			files = (
				7DC28D4E20194117002D05C4 /* VLCEventManager.h in Headers */,
				7DC28D4F20194117002D05C4 /* VLCKit.h in Headers */,
				41657C322059D63D00AB915B /* VLCHelperCode.h in Headers */,
				7DC28D5020194117002D05C4 /* VLCMedia.h in Headers */,
				7DC28D5220194117002D05C4 /* VLCMediaLibrary.h in Headers */,
				7DC28D5320194117002D05C4 /* VLCMediaList.h in Headers */,
				7DC28D5420194117002D05C4 /* VLCTime.h in Headers */,
				7DC28D5520194117002D05C4 /* VLCVideoView.h in Headers */,
				7DC28D5620194117002D05C4 /* VLCMediaPlayer.h in Headers */,
				7DC28D5720194117002D05C4 /* VLCAudio.h in Headers */,
				7DC28D5820194117002D05C4 /* VLCLibVLCBridging.h in Headers */,
				7DC28D5B20194117002D05C4 /* VLCMediaDiscoverer.h in Headers */,
				7DC28D5D20194117002D05C4 /* VLCVideoLayer.h in Headers */,
				7DC28D5E20194117002D05C4 /* VLCLibrary.h in Headers */,
				41657C3D2059D99E00AB915B /* VLCCustomDialogProvider.h in Headers */,
				41657C232059D49200AB915B /* VLCRendererDiscoverer.h in Headers */,
				7DC28D5F20194117002D05C4 /* VLCVideoCommon.h in Headers */,
				41657C242059D49200AB915B /* VLCRendererItem.h in Headers */,
				41657C2B2059D57900AB915B /* DynamicTVVLCKit.h in Headers */,
				41657C2E2059D5CE00AB915B /* VLCRendererItem+Init.h in Headers */,
				7DC28D6020194117002D05C4 /* VLCDialogProvider.h in Headers */,
				7DC28D6120194117002D05C4 /* VLCStreamSession.h in Headers */,
				7DC28D6220194117002D05C4 /* VLCStreamOutput.h in Headers */,
				7DC28D6320194117002D05C4 /* VLCMediaThumbnailer.h in Headers */,
				41657C3E2059D99E00AB915B /* VLCEmbeddedDialogProvider.h in Headers */,
				7DC28D87201942A9002D05C4 /* vlc-plugins-MacOSX.h in Headers */,
				41657C2C2059D57900AB915B /* DynamicMobileVLCKit.h in Headers */,
				41657C282059D56900AB915B /* TVVLCKit.h in Headers */,
				7DC28D6420194117002D05C4 /* VLCMediaListPlayer.h in Headers */,
				41657C3F2059D99E00AB915B /* VLCiOSLegacyDialogProvider.h in Headers */,
			);
			runOnlyForDeploymentPostprocessing = 0;
		};
/* End PBXHeadersBuildPhase section */

/* Begin PBXNativeTarget section */
		7DC28D4020194043002D05C4 /* StaticLibVLC */ = {
			isa = PBXNativeTarget;
			buildConfigurationList = 7DC28D4720194043002D05C4 /* Build configuration list for PBXNativeTarget "StaticLibVLC" */;
			buildPhases = (
				7DC28D3D20194043002D05C4 /* Sources */,
				7DC28D3E20194043002D05C4 /* Frameworks */,
				7DC28D3F20194043002D05C4 /* Headers */,
			);
			buildRules = (
			);
			dependencies = (
			);
			name = StaticLibVLC;
			productName = StaticLibVLC;
			productReference = 7DC28D4120194043002D05C4 /* libStaticLibVLC.a */;
			productType = "com.apple.product-type.library.static";
		};
		7DC28D4C20194117002D05C4 /* VLCKit */ = {
			isa = PBXNativeTarget;
			buildConfigurationList = 7DC28D7C20194117002D05C4 /* Build configuration list for PBXNativeTarget "VLCKit" */;
			buildPhases = (
				7DC28D4D20194117002D05C4 /* Headers */,
				7DC28D6520194117002D05C4 /* Sources */,
				7DC28D7920194117002D05C4 /* Frameworks */,
				7DEBDACD203C5607000A7D2F /* CopyFiles */,
			);
			buildRules = (
			);
			comments = "-lvlc -lvlc-control -dylib_file @loader_path/../lib/vlc_libintl.dylib:$(TARGET_BUILD_DIR)/$(PROJECT_NAME).framework/lib/vlc_libintl.dylib -dylib_file @loader_path/../lib/libvlc.dylib:$(TARGET_BUILD_DIR)/$(PROJECT_NAME).framework/lib/libvlc.dylib";
			dependencies = (
				7DACDDB72028A5A5002E2FE9 /* PBXTargetDependency */,
			);
			name = VLCKit;
			productInstallPath = "$(HOME)/Library/Frameworks";
			productName = VLC;
			productReference = 7DC28D7F20194117002D05C4 /* VLCKit.framework */;
			productType = "com.apple.product-type.framework";
		};
		CA23EBBB20BDF02700C0D635 /* VLCKitTests */ = {
			isa = PBXNativeTarget;
			buildConfigurationList = CA23EBC420BDF02700C0D635 /* Build configuration list for PBXNativeTarget "VLCKitTests" */;
			buildPhases = (
				CA23EBB820BDF02700C0D635 /* Sources */,
				CA23EBB920BDF02700C0D635 /* Frameworks */,
				CA23EBBA20BDF02700C0D635 /* Resources */,
			);
			buildRules = (
			);
			dependencies = (
				CA23EBC320BDF02700C0D635 /* PBXTargetDependency */,
			);
			name = VLCKitTests;
			productName = VLCKitTests;
			productReference = CA23EBBC20BDF02700C0D635 /* VLCKitTests.xctest */;
			productType = "com.apple.product-type.bundle.unit-test";
		};
/* End PBXNativeTarget section */

/* Begin PBXProject section */
		0867D690FE84028FC02AAC07 /* Project object */ = {
			isa = PBXProject;
			attributes = {
				LastSwiftUpdateCheck = 0930;
				LastUpgradeCheck = 0800;
				TargetAttributes = {
					7DC28D4020194043002D05C4 = {
						CreatedOnToolsVersion = 9.2;
						DevelopmentTeam = 75GAHG3SZQ;
						ProvisioningStyle = Automatic;
					};
					CA23EBBB20BDF02700C0D635 = {
						CreatedOnToolsVersion = 9.3.1;
						LastSwiftMigration = 0930;
						ProvisioningStyle = Automatic;
					};
				};
			};
			buildConfigurationList = 1DEB91B108733DA50010E9CD /* Build configuration list for PBXProject "VLCKit" */;
			compatibilityVersion = "Xcode 3.2";
			developmentRegion = English;
			hasScannedForEncodings = 1;
			knownRegions = (
				English,
				Japanese,
				French,
				German,
			);
			mainGroup = 0867D691FE84028FC02AAC07 /* VLC */;
			productRefGroup = 034768DFFF38A50411DB9C8B /* Products */;
			projectDirPath = "";
			projectRoot = "";
			targets = (
				7DC28D4020194043002D05C4 /* StaticLibVLC */,
				7DC28D4C20194117002D05C4 /* VLCKit */,
				CA23EBBB20BDF02700C0D635 /* VLCKitTests */,
			);
		};
/* End PBXProject section */

/* Begin PBXResourcesBuildPhase section */
		CA23EBBA20BDF02700C0D635 /* Resources */ = {
			isa = PBXResourcesBuildPhase;
			buildActionMask = 2147483647;
			files = (
			);
			runOnlyForDeploymentPostprocessing = 0;
		};
/* End PBXResourcesBuildPhase section */

/* Begin PBXSourcesBuildPhase section */
		7DC28D3D20194043002D05C4 /* Sources */ = {
			isa = PBXSourcesBuildPhase;
			buildActionMask = 2147483647;
			files = (
				7DC28D4B2019406B002D05C4 /* StaticLibVLC.m in Sources */,
			);
			runOnlyForDeploymentPostprocessing = 0;
		};
		7DC28D6520194117002D05C4 /* Sources */ = {
			isa = PBXSourcesBuildPhase;
			buildActionMask = 2147483647;
			files = (
				7DC28D6620194117002D05C4 /* VLCEventManager.m in Sources */,
				7DC28D6720194117002D05C4 /* VLCLibrary.m in Sources */,
				7DC28D6820194117002D05C4 /* VLCMedia.m in Sources */,
				7DC28D6920194117002D05C4 /* VLCMediaLibrary.m in Sources */,
				7DC28D6A20194117002D05C4 /* VLCMediaList.m in Sources */,
				7DC28D6B20194117002D05C4 /* VLCTime.m in Sources */,
				7DC28D6C20194117002D05C4 /* VLCVideoView.m in Sources */,
				7DC28D6D20194117002D05C4 /* VLCCustomDialogProvider.m in Sources */,
				41657C422059DE7B00AB915B /* VLCRendererDiscoverer.m in Sources */,
				7DC28D6E20194117002D05C4 /* VLCMediaPlayer.m in Sources */,
				7DC28D6F20194117002D05C4 /* VLCAudio.m in Sources */,
				7DC28D7020194117002D05C4 /* VLCDialogProvider.m in Sources */,
				7DC28D7120194117002D05C4 /* VLCMediaDiscoverer.m in Sources */,
				7DC28D7220194117002D05C4 /* VLCVideoLayer.m in Sources */,
				7DC28D7320194117002D05C4 /* VLCVideoCommon.m in Sources */,
				7DC28D7420194117002D05C4 /* VLCStreamSession.m in Sources */,
				7DC28D7520194117002D05C4 /* VLCStreamOutput.m in Sources */,
				7DC28D7620194117002D05C4 /* VLCMediaListPlayer.m in Sources */,
				41657C432059DE7B00AB915B /* VLCRendererItem.m in Sources */,
				7DC28D7720194117002D05C4 /* VLCMediaThumbnailer.m in Sources */,
				7DC28D7820194117002D05C4 /* VLCHelperCode.m in Sources */,
			);
			runOnlyForDeploymentPostprocessing = 0;
		};
		CA23EBB820BDF02700C0D635 /* Sources */ = {
			isa = PBXSourcesBuildPhase;
			buildActionMask = 2147483647;
			files = (
				CABF4D5420D8E31700FCCE29 /* VLCMediaTest.swift in Sources */,
				CA23EBCC20BDF07700C0D635 /* VLCTimeTest.swift in Sources */,
			);
			runOnlyForDeploymentPostprocessing = 0;
		};
/* End PBXSourcesBuildPhase section */

/* Begin PBXTargetDependency section */
		7DACDDB72028A5A5002E2FE9 /* PBXTargetDependency */ = {
			isa = PBXTargetDependency;
			target = 7DC28D4020194043002D05C4 /* StaticLibVLC */;
			targetProxy = 7DACDDB62028A5A5002E2FE9 /* PBXContainerItemProxy */;
		};
		CA23EBC320BDF02700C0D635 /* PBXTargetDependency */ = {
			isa = PBXTargetDependency;
			target = 7DC28D4C20194117002D05C4 /* VLCKit */;
			targetProxy = CA23EBC220BDF02700C0D635 /* PBXContainerItemProxy */;
		};
/* End PBXTargetDependency section */

/* Begin XCBuildConfiguration section */
		1DEB91B208733DA50010E9CD /* Debug */ = {
			isa = XCBuildConfiguration;
			buildSettings = {
				ARCHS = "$(ARCHS_STANDARD_64_BIT)";
				CLANG_ANALYZER_LOCALIZABILITY_NONLOCALIZED = YES;
				CLANG_ENABLE_OBJC_ARC = YES;
				CLANG_WARN_BOOL_CONVERSION = YES;
				CLANG_WARN_CONSTANT_CONVERSION = YES;
				CLANG_WARN_EMPTY_BODY = YES;
				CLANG_WARN_ENUM_CONVERSION = YES;
				CLANG_WARN_INFINITE_RECURSION = YES;
				CLANG_WARN_INT_CONVERSION = YES;
				CLANG_WARN_SUSPICIOUS_MOVE = YES;
				CLANG_WARN_UNREACHABLE_CODE = YES;
				CLANG_WARN__DUPLICATE_METHOD_MATCH = YES;
				ENABLE_STRICT_OBJC_MSGSEND = YES;
				ENABLE_TESTABILITY = YES;
				GCC_C_LANGUAGE_STANDARD = c99;
				GCC_NO_COMMON_BLOCKS = YES;
				GCC_VERSION = "";
				GCC_WARN_64_TO_32_BIT_CONVERSION = YES;
				GCC_WARN_ABOUT_RETURN_TYPE = YES;
				GCC_WARN_UNDECLARED_SELECTOR = YES;
				GCC_WARN_UNINITIALIZED_AUTOS = YES;
				GCC_WARN_UNUSED_FUNCTION = YES;
				GCC_WARN_UNUSED_VARIABLE = YES;
				MACOSX_DEPLOYMENT_TARGET = 10.9;
				ONLY_ACTIVE_ARCH = YES;
				SDKROOT = macosx;
				VALID_ARCHS = x86_64;
				VLC_BUILD_DIR = "$(SYMROOT)/$(CONFIGURATION)/vlc_build_dir";
				VLC_SRC_DIR = "$(SRCROOT)/vlc-unstable";
			};
			name = Debug;
		};
		1DEB91B308733DA50010E9CD /* Release */ = {
			isa = XCBuildConfiguration;
			buildSettings = {
				ARCHS = "$(ARCHS_STANDARD_64_BIT)";
				CLANG_ANALYZER_LOCALIZABILITY_NONLOCALIZED = YES;
				CLANG_ENABLE_OBJC_ARC = YES;
				CLANG_WARN_BOOL_CONVERSION = YES;
				CLANG_WARN_CONSTANT_CONVERSION = YES;
				CLANG_WARN_EMPTY_BODY = YES;
				CLANG_WARN_ENUM_CONVERSION = YES;
				CLANG_WARN_INFINITE_RECURSION = YES;
				CLANG_WARN_INT_CONVERSION = YES;
				CLANG_WARN_SUSPICIOUS_MOVE = YES;
				CLANG_WARN_UNREACHABLE_CODE = YES;
				CLANG_WARN__DUPLICATE_METHOD_MATCH = YES;
				ENABLE_STRICT_OBJC_MSGSEND = YES;
				GCC_C_LANGUAGE_STANDARD = c99;
				GCC_NO_COMMON_BLOCKS = YES;
				GCC_VERSION = "";
				GCC_WARN_64_TO_32_BIT_CONVERSION = YES;
				GCC_WARN_ABOUT_RETURN_TYPE = YES;
				GCC_WARN_UNDECLARED_SELECTOR = YES;
				GCC_WARN_UNINITIALIZED_AUTOS = YES;
				GCC_WARN_UNUSED_FUNCTION = YES;
				GCC_WARN_UNUSED_VARIABLE = YES;
				MACOSX_DEPLOYMENT_TARGET = 10.9;
				ONLY_ACTIVE_ARCH = NO;
				SDKROOT = macosx;
				VALID_ARCHS = x86_64;
				VLC_BUILD_DIR = "$(SYMROOT)/$(CONFIGURATION)/vlc_build_dir";
				VLC_SRC_DIR = "$(SRCROOT)/vlc-unstable";
			};
			name = Release;
		};
		7DC28D4820194043002D05C4 /* Debug */ = {
			isa = XCBuildConfiguration;
			baseConfigurationReference = 7DC28D3C201938D9002D05C4 /* vlc-plugins-MacOSX.xcconfig */;
			buildSettings = {
				ALWAYS_SEARCH_USER_PATHS = NO;
				CLANG_ANALYZER_NONNULL = YES;
				CLANG_ANALYZER_NUMBER_OBJECT_CONVERSION = YES_AGGRESSIVE;
				CLANG_CXX_LANGUAGE_STANDARD = "gnu++14";
				CLANG_CXX_LIBRARY = "libc++";
				CLANG_ENABLE_MODULES = YES;
				CLANG_WARN_BLOCK_CAPTURE_AUTORELEASING = YES;
				CLANG_WARN_COMMA = YES;
				CLANG_WARN_DIRECT_OBJC_ISA_USAGE = YES_ERROR;
				CLANG_WARN_DOCUMENTATION_COMMENTS = YES;
				CLANG_WARN_NON_LITERAL_NULL_CONVERSION = YES;
				CLANG_WARN_OBJC_LITERAL_CONVERSION = YES;
				CLANG_WARN_OBJC_ROOT_CLASS = YES_ERROR;
				CLANG_WARN_RANGE_LOOP_ANALYSIS = YES;
				CLANG_WARN_STRICT_PROTOTYPES = YES;
				CLANG_WARN_UNGUARDED_AVAILABILITY = YES_AGGRESSIVE;
				CODE_SIGN_IDENTITY = "Mac Developer";
				CODE_SIGN_STYLE = Automatic;
				COPY_PHASE_STRIP = NO;
				DEBUG_INFORMATION_FORMAT = dwarf;
				DEVELOPMENT_TEAM = 75GAHG3SZQ;
				EXECUTABLE_PREFIX = lib;
				GCC_C_LANGUAGE_STANDARD = gnu11;
				GCC_DYNAMIC_NO_PIC = NO;
				GCC_OPTIMIZATION_LEVEL = 0;
				GCC_PREPROCESSOR_DEFINITIONS = (
					"DEBUG=1",
					"$(inherited)",
				);
				GCC_WARN_ABOUT_RETURN_TYPE = YES_ERROR;
				GCC_WARN_UNINITIALIZED_AUTOS = YES_AGGRESSIVE;
				MACOSX_DEPLOYMENT_TARGET = 10.13;
				MTL_ENABLE_DEBUG_INFO = YES;
				OTHER_LIBTOOLFLAGS = "$(PROJECT_DIR)/libvlc/vlc/install-MacOSX/x86_64/lib/libvlccore.a $(PROJECT_DIR)/libvlc/vlc/install-MacOSX/x86_64/lib/libvlc.a $(PROJECT_DIR)/libvlc/vlc/install-MacOSX/x86_64/lib/vlc/libcompat.a $(VLC_PLUGINS_LDFLAGS)";
				PRODUCT_NAME = "$(TARGET_NAME)";
			};
			name = Debug;
		};
		7DC28D4920194043002D05C4 /* Release */ = {
			isa = XCBuildConfiguration;
			baseConfigurationReference = 7DC28D3C201938D9002D05C4 /* vlc-plugins-MacOSX.xcconfig */;
			buildSettings = {
				ALWAYS_SEARCH_USER_PATHS = NO;
				CLANG_ANALYZER_NONNULL = YES;
				CLANG_ANALYZER_NUMBER_OBJECT_CONVERSION = YES_AGGRESSIVE;
				CLANG_CXX_LANGUAGE_STANDARD = "gnu++14";
				CLANG_CXX_LIBRARY = "libc++";
				CLANG_ENABLE_MODULES = YES;
				CLANG_WARN_BLOCK_CAPTURE_AUTORELEASING = YES;
				CLANG_WARN_COMMA = YES;
				CLANG_WARN_DIRECT_OBJC_ISA_USAGE = YES_ERROR;
				CLANG_WARN_DOCUMENTATION_COMMENTS = YES;
				CLANG_WARN_NON_LITERAL_NULL_CONVERSION = YES;
				CLANG_WARN_OBJC_LITERAL_CONVERSION = YES;
				CLANG_WARN_OBJC_ROOT_CLASS = YES_ERROR;
				CLANG_WARN_RANGE_LOOP_ANALYSIS = YES;
				CLANG_WARN_STRICT_PROTOTYPES = YES;
				CLANG_WARN_UNGUARDED_AVAILABILITY = YES_AGGRESSIVE;
				CODE_SIGN_IDENTITY = "Mac Developer";
				CODE_SIGN_STYLE = Automatic;
				COPY_PHASE_STRIP = NO;
				DEBUG_INFORMATION_FORMAT = "dwarf-with-dsym";
				DEVELOPMENT_TEAM = 75GAHG3SZQ;
				ENABLE_NS_ASSERTIONS = NO;
				EXECUTABLE_PREFIX = lib;
				GCC_C_LANGUAGE_STANDARD = gnu11;
				GCC_WARN_ABOUT_RETURN_TYPE = YES_ERROR;
				GCC_WARN_UNINITIALIZED_AUTOS = YES_AGGRESSIVE;
				MACOSX_DEPLOYMENT_TARGET = 10.13;
				MTL_ENABLE_DEBUG_INFO = NO;
				OTHER_LIBTOOLFLAGS = "$(PROJECT_DIR)/libvlc/vlc/install-MacOSX/x86_64/lib/libvlccore.a $(PROJECT_DIR)/libvlc/vlc/install-MacOSX/x86_64/lib/libvlc.a $(PROJECT_DIR)/libvlc/vlc/install-MacOSX/x86_64/lib/vlc/libcompat.a $(VLC_PLUGINS_LDFLAGS)";
				PRODUCT_NAME = "$(TARGET_NAME)";
			};
			name = Release;
		};
		7DC28D7D20194117002D05C4 /* Debug */ = {
			isa = XCBuildConfiguration;
			baseConfigurationReference = 7DC28D3C201938D9002D05C4 /* vlc-plugins-MacOSX.xcconfig */;
			buildSettings = {
				ARCHS = "$(ARCHS_STANDARD_64_BIT)";
				CLANG_ENABLE_OBJC_ARC = YES;
				CLANG_WARN_OBJC_IMPLICIT_ATOMIC_PROPERTIES = YES;
				COMBINE_HIDPI_IMAGES = YES;
				COPY_PHASE_STRIP = NO;
				DEFINES_MODULE = YES;
				DYLIB_COMPATIBILITY_VERSION = 1;
				DYLIB_CURRENT_VERSION = 1;
				FRAMEWORK_VERSION = A;
				GCC_DYNAMIC_NO_PIC = NO;
				GCC_ENABLE_OBJC_EXCEPTIONS = YES;
				GCC_OPTIMIZATION_LEVEL = 0;
				GCC_PRECOMPILE_PREFIX_HEADER = YES;
				GCC_PREFIX_HEADER = Headers/PCH/Prefix.pch;
				HEADER_SEARCH_PATHS = (
					"$(SRCROOT)/libvlc/vlc/include",
					"Headers/**",
				);
				INFOPLIST_FILE = "$(SRCROOT)/Resources/VLCKit/Info.plist";
				INSTALL_PATH = "@loader_path/../Frameworks";
				LIBRARY_SEARCH_PATHS = "$(CONFIGURATION_BUILD_DIR)/$(PRODUCT_NAME).$(WRAPPER_EXTENSION)/lib";
				PRIVATE_HEADERS_FOLDER_PATH = "$(CONTENTS_FOLDER_PATH)/PrivateHeaders";
				PRODUCT_BUNDLE_IDENTIFIER = org.videolan.vlckitframework;
				PRODUCT_NAME = "$(TARGET_NAME)";
				SCAN_ALL_SOURCE_FILES_FOR_INCLUDES = YES;
				SDKROOT = macosx;
				VALID_ARCHS = x86_64;
				WRAPPER_EXTENSION = framework;
			};
			name = Debug;
		};
		7DC28D7E20194117002D05C4 /* Release */ = {
			isa = XCBuildConfiguration;
			baseConfigurationReference = 7DC28D3C201938D9002D05C4 /* vlc-plugins-MacOSX.xcconfig */;
			buildSettings = {
				ARCHS = "$(ARCHS_STANDARD_64_BIT)";
				CLANG_ENABLE_OBJC_ARC = YES;
				CLANG_WARN_OBJC_IMPLICIT_ATOMIC_PROPERTIES = YES;
				COMBINE_HIDPI_IMAGES = YES;
				DEFINES_MODULE = YES;
				DYLIB_COMPATIBILITY_VERSION = 1;
				DYLIB_CURRENT_VERSION = 1;
				FRAMEWORK_VERSION = A;
				GCC_ENABLE_OBJC_EXCEPTIONS = YES;
				GCC_GENERATE_DEBUGGING_SYMBOLS = NO;
				GCC_PRECOMPILE_PREFIX_HEADER = YES;
				GCC_PREFIX_HEADER = Headers/PCH/Prefix.pch;
				HEADER_SEARCH_PATHS = (
					"$(SRCROOT)/libvlc/vlc/include",
					"Headers/**",
				);
				INFOPLIST_FILE = "$(SRCROOT)/Resources/VLCKit/Info.plist";
				INSTALL_PATH = "@loader_path/../Frameworks";
				LIBRARY_SEARCH_PATHS = "$(CONFIGURATION_BUILD_DIR)/$(PRODUCT_NAME).$(WRAPPER_EXTENSION)/lib";
				PRIVATE_HEADERS_FOLDER_PATH = "$(CONTENTS_FOLDER_PATH)/PrivateHeaders";
				PRODUCT_BUNDLE_IDENTIFIER = org.videolan.vlckitframework;
				PRODUCT_NAME = "$(TARGET_NAME)";
				SCAN_ALL_SOURCE_FILES_FOR_INCLUDES = YES;
				SDKROOT = macosx;
				VALID_ARCHS = x86_64;
				WRAPPER_EXTENSION = framework;
			};
			name = Release;
		};
		CA23EBC520BDF02700C0D635 /* Debug */ = {
			isa = XCBuildConfiguration;
			buildSettings = {
				ALWAYS_SEARCH_USER_PATHS = NO;
				CLANG_ANALYZER_NONNULL = YES;
				CLANG_ANALYZER_NUMBER_OBJECT_CONVERSION = YES_AGGRESSIVE;
				CLANG_CXX_LANGUAGE_STANDARD = "gnu++14";
				CLANG_CXX_LIBRARY = "libc++";
				CLANG_ENABLE_MODULES = YES;
				CLANG_ENABLE_OBJC_WEAK = YES;
				CLANG_WARN_BLOCK_CAPTURE_AUTORELEASING = YES;
				CLANG_WARN_COMMA = YES;
				CLANG_WARN_DEPRECATED_OBJC_IMPLEMENTATIONS = YES;
				CLANG_WARN_DIRECT_OBJC_ISA_USAGE = YES_ERROR;
				CLANG_WARN_DOCUMENTATION_COMMENTS = YES;
				CLANG_WARN_NON_LITERAL_NULL_CONVERSION = YES;
				CLANG_WARN_OBJC_IMPLICIT_RETAIN_SELF = YES;
				CLANG_WARN_OBJC_LITERAL_CONVERSION = YES;
				CLANG_WARN_OBJC_ROOT_CLASS = YES_ERROR;
				CLANG_WARN_RANGE_LOOP_ANALYSIS = YES;
				CLANG_WARN_STRICT_PROTOTYPES = YES;
				CLANG_WARN_UNGUARDED_AVAILABILITY = YES_AGGRESSIVE;
				CODE_SIGN_IDENTITY = "-";
				CODE_SIGN_STYLE = Automatic;
				COMBINE_HIDPI_IMAGES = YES;
				COPY_PHASE_STRIP = NO;
				DEBUG_INFORMATION_FORMAT = dwarf;
				GCC_C_LANGUAGE_STANDARD = gnu11;
				GCC_DYNAMIC_NO_PIC = NO;
				GCC_OPTIMIZATION_LEVEL = 0;
				GCC_PREPROCESSOR_DEFINITIONS = (
					"DEBUG=1",
					"$(inherited)",
				);
				GCC_WARN_ABOUT_RETURN_TYPE = YES_ERROR;
				GCC_WARN_UNINITIALIZED_AUTOS = YES_AGGRESSIVE;
				INFOPLIST_FILE = Tests/VLCKitTests/Info.plist;
				LD_RUNPATH_SEARCH_PATHS = "$(inherited) @executable_path/../Frameworks @loader_path/../Frameworks";
				MACOSX_DEPLOYMENT_TARGET = 10.13;
				MTL_ENABLE_DEBUG_INFO = YES;
				PRODUCT_BUNDLE_IDENTIFIER = org.videolan.VLCKitTests;
				PRODUCT_NAME = "$(TARGET_NAME)";
				SWIFT_ACTIVE_COMPILATION_CONDITIONS = DEBUG;
				SWIFT_OBJC_BRIDGING_HEADER = "Tests/VLCKitTests/VLCKitTests-Bridging-Header.h";
				SWIFT_OPTIMIZATION_LEVEL = "-Onone";
				SWIFT_VERSION = 4.0;
			};
			name = Debug;
		};
		CA23EBC620BDF02700C0D635 /* Release */ = {
			isa = XCBuildConfiguration;
			buildSettings = {
				ALWAYS_SEARCH_USER_PATHS = NO;
				CLANG_ANALYZER_NONNULL = YES;
				CLANG_ANALYZER_NUMBER_OBJECT_CONVERSION = YES_AGGRESSIVE;
				CLANG_CXX_LANGUAGE_STANDARD = "gnu++14";
				CLANG_CXX_LIBRARY = "libc++";
				CLANG_ENABLE_MODULES = YES;
				CLANG_ENABLE_OBJC_WEAK = YES;
				CLANG_WARN_BLOCK_CAPTURE_AUTORELEASING = YES;
				CLANG_WARN_COMMA = YES;
				CLANG_WARN_DEPRECATED_OBJC_IMPLEMENTATIONS = YES;
				CLANG_WARN_DIRECT_OBJC_ISA_USAGE = YES_ERROR;
				CLANG_WARN_DOCUMENTATION_COMMENTS = YES;
				CLANG_WARN_NON_LITERAL_NULL_CONVERSION = YES;
				CLANG_WARN_OBJC_IMPLICIT_RETAIN_SELF = YES;
				CLANG_WARN_OBJC_LITERAL_CONVERSION = YES;
				CLANG_WARN_OBJC_ROOT_CLASS = YES_ERROR;
				CLANG_WARN_RANGE_LOOP_ANALYSIS = YES;
				CLANG_WARN_STRICT_PROTOTYPES = YES;
				CLANG_WARN_UNGUARDED_AVAILABILITY = YES_AGGRESSIVE;
				CODE_SIGN_IDENTITY = "-";
				CODE_SIGN_STYLE = Automatic;
				COMBINE_HIDPI_IMAGES = YES;
				COPY_PHASE_STRIP = NO;
				DEBUG_INFORMATION_FORMAT = "dwarf-with-dsym";
				ENABLE_NS_ASSERTIONS = NO;
				GCC_C_LANGUAGE_STANDARD = gnu11;
				GCC_WARN_ABOUT_RETURN_TYPE = YES_ERROR;
				GCC_WARN_UNINITIALIZED_AUTOS = YES_AGGRESSIVE;
				INFOPLIST_FILE = Tests/VLCKitTests/Info.plist;
				LD_RUNPATH_SEARCH_PATHS = "$(inherited) @executable_path/../Frameworks @loader_path/../Frameworks";
				MACOSX_DEPLOYMENT_TARGET = 10.13;
				MTL_ENABLE_DEBUG_INFO = NO;
				PRODUCT_BUNDLE_IDENTIFIER = org.videolan.VLCKitTests;
				PRODUCT_NAME = "$(TARGET_NAME)";
				SWIFT_OBJC_BRIDGING_HEADER = "Tests/VLCKitTests/VLCKitTests-Bridging-Header.h";
				SWIFT_OPTIMIZATION_LEVEL = "-Owholemodule";
				SWIFT_VERSION = 4.0;
			};
			name = Release;
		};
/* End XCBuildConfiguration section */

/* Begin XCConfigurationList section */
		1DEB91B108733DA50010E9CD /* Build configuration list for PBXProject "VLCKit" */ = {
			isa = XCConfigurationList;
			buildConfigurations = (
				1DEB91B208733DA50010E9CD /* Debug */,
				1DEB91B308733DA50010E9CD /* Release */,
			);
			defaultConfigurationIsVisible = 0;
			defaultConfigurationName = Release;
		};
		7DC28D4720194043002D05C4 /* Build configuration list for PBXNativeTarget "StaticLibVLC" */ = {
			isa = XCConfigurationList;
			buildConfigurations = (
				7DC28D4820194043002D05C4 /* Debug */,
				7DC28D4920194043002D05C4 /* Release */,
			);
			defaultConfigurationIsVisible = 0;
			defaultConfigurationName = Release;
		};
		7DC28D7C20194117002D05C4 /* Build configuration list for PBXNativeTarget "VLCKit" */ = {
			isa = XCConfigurationList;
			buildConfigurations = (
				7DC28D7D20194117002D05C4 /* Debug */,
				7DC28D7E20194117002D05C4 /* Release */,
			);
			defaultConfigurationIsVisible = 0;
			defaultConfigurationName = Release;
		};
		CA23EBC420BDF02700C0D635 /* Build configuration list for PBXNativeTarget "VLCKitTests" */ = {
			isa = XCConfigurationList;
			buildConfigurations = (
				CA23EBC520BDF02700C0D635 /* Debug */,
				CA23EBC620BDF02700C0D635 /* Release */,
			);
			defaultConfigurationIsVisible = 0;
			defaultConfigurationName = Release;
		};
/* End XCConfigurationList section */
	};
	rootObject = 0867D690FE84028FC02AAC07 /* Project object */;
}
