// !$*UTF8*$!
{
	archiveVersion = 1;
	classes = {
	};
	objectVersion = 46;
	objects = {

/* Begin PBXBuildFile section */
		6360B0E211E7F0C000EAD790 /* VLCMediaDiscoverer.m in Sources */ = {isa = PBXBuildFile; fileRef = 6360B0E111E7F0C000EAD790 /* VLCMediaDiscoverer.m */; };
		6360B10611E7F27300EAD790 /* VLCMediaDiscoverer.h in Copy Headers */ = {isa = PBXBuildFile; fileRef = 6360B0E311E7F0D300EAD790 /* VLCMediaDiscoverer.h */; };
		636E975811EBC67A002FE8A9 /* VLCMediaThumbnailer.m in Sources */ = {isa = PBXBuildFile; fileRef = 636E975711EBC67A002FE8A9 /* VLCMediaThumbnailer.m */; };
		636E979111EBC97C002FE8A9 /* VLCMediaThumbnailer.h in Copy Headers */ = {isa = PBXBuildFile; fileRef = 636E979011EBC96D002FE8A9 /* VLCMediaThumbnailer.h */; };
		7A5ECACB11DE8F7300F66AF3 /* VLCEventManager.m in Sources */ = {isa = PBXBuildFile; fileRef = 7A5ECAC411DE8F7300F66AF3 /* VLCEventManager.m */; };
		7A5ECACC11DE8F7300F66AF3 /* VLCLibrary.m in Sources */ = {isa = PBXBuildFile; fileRef = 7A5ECAC511DE8F7300F66AF3 /* VLCLibrary.m */; };
		7A5ECACD11DE8F7300F66AF3 /* VLCMedia.m in Sources */ = {isa = PBXBuildFile; fileRef = 7A5ECAC611DE8F7300F66AF3 /* VLCMedia.m */; };
		7A5ECACE11DE8F7300F66AF3 /* VLCMediaList.m in Sources */ = {isa = PBXBuildFile; fileRef = 7A5ECAC711DE8F7300F66AF3 /* VLCMediaList.m */; };
		7A5ECACF11DE8F7300F66AF3 /* VLCMediaPlayer.m in Sources */ = {isa = PBXBuildFile; fileRef = 7A5ECAC811DE8F7300F66AF3 /* VLCMediaPlayer.m */; };
		7A5ECAD011DE8F7300F66AF3 /* VLCTime.m in Sources */ = {isa = PBXBuildFile; fileRef = 7A5ECAC911DE8F7300F66AF3 /* VLCTime.m */; };
		7A5ECB5511DE961700F66AF3 /* VLCLibrary.h in Copy Headers */ = {isa = PBXBuildFile; fileRef = 7A5ECAD411DE8FAB00F66AF3 /* VLCLibrary.h */; };
		7A5ECB5611DE961700F66AF3 /* VLCMedia.h in Copy Headers */ = {isa = PBXBuildFile; fileRef = 7A5ECAD511DE8FAB00F66AF3 /* VLCMedia.h */; };
		7A5ECB5711DE961700F66AF3 /* VLCMediaList.h in Copy Headers */ = {isa = PBXBuildFile; fileRef = 7A5ECAD611DE8FAB00F66AF3 /* VLCMediaList.h */; };
		7A5ECB5811DE961700F66AF3 /* VLCMediaPlayer.h in Copy Headers */ = {isa = PBXBuildFile; fileRef = 7A5ECAD711DE8FAB00F66AF3 /* VLCMediaPlayer.h */; };
		7A5ECB5911DE961700F66AF3 /* VLCTime.h in Copy Headers */ = {isa = PBXBuildFile; fileRef = 7A5ECAD811DE8FAB00F66AF3 /* VLCTime.h */; };
		7A5ECB9E11DE975A00F66AF3 /* MobileVLCKit.h in Copy Headers */ = {isa = PBXBuildFile; fileRef = 7A5ECB9D11DE975700F66AF3 /* MobileVLCKit.h */; };
		7D5F800A185B72EB00C2CD75 /* VLCMediaListPlayer.m in Sources */ = {isa = PBXBuildFile; fileRef = 7D5F8009185B72EB00C2CD75 /* VLCMediaListPlayer.m */; };
		7D5F800C185B733800C2CD75 /* VLCMediaListPlayer.h in Copy Headers */ = {isa = PBXBuildFile; fileRef = 7D5F800B185B730F00C2CD75 /* VLCMediaListPlayer.h */; };
		7D89392C1B500D1C008F2B14 /* DynamicMobileVLCKit.h in Headers */ = {isa = PBXBuildFile; fileRef = 7D89392B1B500D1C008F2B14 /* DynamicMobileVLCKit.h */; settings = {ATTRIBUTES = (Public, ); }; };
		7D8939401B500D50008F2B14 /* VLCEventManager.m in Sources */ = {isa = PBXBuildFile; fileRef = 7A5ECAC411DE8F7300F66AF3 /* VLCEventManager.m */; };
		7D8939411B500D50008F2B14 /* VLCLibrary.m in Sources */ = {isa = PBXBuildFile; fileRef = 7A5ECAC511DE8F7300F66AF3 /* VLCLibrary.m */; };
		7D8939421B500D50008F2B14 /* VLCMedia.m in Sources */ = {isa = PBXBuildFile; fileRef = 7A5ECAC611DE8F7300F66AF3 /* VLCMedia.m */; };
		7D8939431B500D50008F2B14 /* VLCMediaList.m in Sources */ = {isa = PBXBuildFile; fileRef = 7A5ECAC711DE8F7300F66AF3 /* VLCMediaList.m */; };
		7D8939441B500D51008F2B14 /* VLCMediaPlayer.m in Sources */ = {isa = PBXBuildFile; fileRef = 7A5ECAC811DE8F7300F66AF3 /* VLCMediaPlayer.m */; };
		7D8939451B500D51008F2B14 /* VLCMediaListPlayer.m in Sources */ = {isa = PBXBuildFile; fileRef = 7D5F8009185B72EB00C2CD75 /* VLCMediaListPlayer.m */; };
		7D8939461B500D51008F2B14 /* VLCMediaThumbnailer.m in Sources */ = {isa = PBXBuildFile; fileRef = 636E975711EBC67A002FE8A9 /* VLCMediaThumbnailer.m */; };
		7D8939471B500D51008F2B14 /* VLCMediaDiscoverer.m in Sources */ = {isa = PBXBuildFile; fileRef = 6360B0E111E7F0C000EAD790 /* VLCMediaDiscoverer.m */; };
		7D8939481B500D51008F2B14 /* VLCTime.m in Sources */ = {isa = PBXBuildFile; fileRef = 7A5ECAC911DE8F7300F66AF3 /* VLCTime.m */; };
		7D8939531B500DBC008F2B14 /* StaticLibVLC.m in Sources */ = {isa = PBXBuildFile; fileRef = 7D8939521B500DBC008F2B14 /* StaticLibVLC.m */; };
		7D8939651B500F13008F2B14 /* libStaticLibVLC.a in Frameworks */ = {isa = PBXBuildFile; fileRef = 7D89394E1B500DBC008F2B14 /* libStaticLibVLC.a */; };
		7D8939661B500F38008F2B14 /* libiconv.dylib in Frameworks */ = {isa = PBXBuildFile; fileRef = 7D8939031B5009E2008F2B14 /* libiconv.dylib */; };
		7D8939671B500F38008F2B14 /* CoreFoundation.framework in Frameworks */ = {isa = PBXBuildFile; fileRef = 7D8939011B5009DD008F2B14 /* CoreFoundation.framework */; };
		7D8939681B500F38008F2B14 /* libc++.dylib in Frameworks */ = {isa = PBXBuildFile; fileRef = 7D8938FF1B5009D8008F2B14 /* libc++.dylib */; };
		7D8939691B500F38008F2B14 /* OpenGLES.framework in Frameworks */ = {isa = PBXBuildFile; fileRef = 7D8938FD1B5009D2008F2B14 /* OpenGLES.framework */; };
		7D89396A1B500F38008F2B14 /* UIKit.framework in Frameworks */ = {isa = PBXBuildFile; fileRef = 7D8938FB1B5009CB008F2B14 /* UIKit.framework */; };
		7D89396B1B500F38008F2B14 /* Security.framework in Frameworks */ = {isa = PBXBuildFile; fileRef = 7D8938F91B5009C2008F2B14 /* Security.framework */; };
		7D89396C1B500F38008F2B14 /* VideoToolbox.framework in Frameworks */ = {isa = PBXBuildFile; fileRef = 7D8938F71B5009BE008F2B14 /* VideoToolbox.framework */; };
		7D89396D1B500F38008F2B14 /* CoreMedia.framework in Frameworks */ = {isa = PBXBuildFile; fileRef = 7D8938F51B5009B4008F2B14 /* CoreMedia.framework */; };
		7D89396E1B500F38008F2B14 /* CoreVideo.framework in Frameworks */ = {isa = PBXBuildFile; fileRef = 7D8938F21B5009A7008F2B14 /* CoreVideo.framework */; };
		7D89396F1B500F38008F2B14 /* AudioToolbox.framework in Frameworks */ = {isa = PBXBuildFile; fileRef = 7D8938F01B5009A2008F2B14 /* AudioToolbox.framework */; };
		7D8939701B500F38008F2B14 /* CoreText.framework in Frameworks */ = {isa = PBXBuildFile; fileRef = 7D8938EE1B500998008F2B14 /* CoreText.framework */; };
		7D8939711B500F38008F2B14 /* CoreGraphics.framework in Frameworks */ = {isa = PBXBuildFile; fileRef = 7D8938EC1B500991008F2B14 /* CoreGraphics.framework */; };
		7D8939721B500F38008F2B14 /* CFNetwork.framework in Frameworks */ = {isa = PBXBuildFile; fileRef = 7D8938EA1B50098C008F2B14 /* CFNetwork.framework */; };
		7D8939731B500F38008F2B14 /* QuartzCore.framework in Frameworks */ = {isa = PBXBuildFile; fileRef = 7D8938E81B500984008F2B14 /* QuartzCore.framework */; };
		7D8939741B500F38008F2B14 /* Foundation.framework in Frameworks */ = {isa = PBXBuildFile; fileRef = AACBBE490F95108600F1A2B1 /* Foundation.framework */; };
		7DDC020B1B501ECF0078FC84 /* VLCLibrary.h in Headers */ = {isa = PBXBuildFile; fileRef = 7A5ECAD411DE8FAB00F66AF3 /* VLCLibrary.h */; settings = {ATTRIBUTES = (Public, ); }; };
		7DDC020C1B501ECF0078FC84 /* VLCMedia.h in Headers */ = {isa = PBXBuildFile; fileRef = 7A5ECAD511DE8FAB00F66AF3 /* VLCMedia.h */; settings = {ATTRIBUTES = (Public, ); }; };
		7DDC020D1B501ECF0078FC84 /* VLCMediaThumbnailer.h in Headers */ = {isa = PBXBuildFile; fileRef = 636E979011EBC96D002FE8A9 /* VLCMediaThumbnailer.h */; settings = {ATTRIBUTES = (Public, ); }; };
		7DDC020E1B501ECF0078FC84 /* VLCMediaList.h in Headers */ = {isa = PBXBuildFile; fileRef = 7A5ECAD611DE8FAB00F66AF3 /* VLCMediaList.h */; settings = {ATTRIBUTES = (Public, ); }; };
		7DDC020F1B501ECF0078FC84 /* VLCMediaPlayer.h in Headers */ = {isa = PBXBuildFile; fileRef = 7A5ECAD711DE8FAB00F66AF3 /* VLCMediaPlayer.h */; settings = {ATTRIBUTES = (Public, ); }; };
		7DDC02101B501ECF0078FC84 /* VLCMediaListPlayer.h in Headers */ = {isa = PBXBuildFile; fileRef = 7D5F800B185B730F00C2CD75 /* VLCMediaListPlayer.h */; settings = {ATTRIBUTES = (Public, ); }; };
		7DDC02111B501ECF0078FC84 /* VLCMediaDiscoverer.h in Headers */ = {isa = PBXBuildFile; fileRef = 6360B0E311E7F0D300EAD790 /* VLCMediaDiscoverer.h */; settings = {ATTRIBUTES = (Public, ); }; };
		7DDC02121B501ECF0078FC84 /* VLCTime.h in Headers */ = {isa = PBXBuildFile; fileRef = 7A5ECAD811DE8FAB00F66AF3 /* VLCTime.h */; settings = {ATTRIBUTES = (Public, ); }; };
		7DDC02141B501ED70078FC84 /* vlc-plugins.h in Headers */ = {isa = PBXBuildFile; fileRef = 7A5ECB3411DE94D600F66AF3 /* vlc-plugins.h */; settings = {ATTRIBUTES = (Private, ); }; };
		7DDC02151B501ED70078FC84 /* VLCLibVLCBridging.h in Headers */ = {isa = PBXBuildFile; fileRef = 7A5ECAE411DE8FEF00F66AF3 /* VLCLibVLCBridging.h */; settings = {ATTRIBUTES = (Private, ); }; };
		7DDC02161B501ED70078FC84 /* VLCEventManager.h in Headers */ = {isa = PBXBuildFile; fileRef = 7A5ECAE511DE8FEF00F66AF3 /* VLCEventManager.h */; settings = {ATTRIBUTES = (Private, ); }; };
		AACBBE4A0F95108600F1A2B1 /* Foundation.framework in Frameworks */ = {isa = PBXBuildFile; fileRef = AACBBE490F95108600F1A2B1 /* Foundation.framework */; };
/* End PBXBuildFile section */

/* Begin PBXCopyFilesBuildPhase section */
		7A5ECB6211DE961B00F66AF3 /* Copy Headers */ = {
			isa = PBXCopyFilesBuildPhase;
			buildActionMask = 2147483647;
			dstPath = include/MobileVLCKit;
			dstSubfolderSpec = 16;
			files = (
				7A5ECB9E11DE975A00F66AF3 /* MobileVLCKit.h in Copy Headers */,
				7A5ECB5511DE961700F66AF3 /* VLCLibrary.h in Copy Headers */,
				7A5ECB5611DE961700F66AF3 /* VLCMedia.h in Copy Headers */,
				636E979111EBC97C002FE8A9 /* VLCMediaThumbnailer.h in Copy Headers */,
				7A5ECB5711DE961700F66AF3 /* VLCMediaList.h in Copy Headers */,
				7A5ECB5811DE961700F66AF3 /* VLCMediaPlayer.h in Copy Headers */,
				7D5F800C185B733800C2CD75 /* VLCMediaListPlayer.h in Copy Headers */,
				6360B10611E7F27300EAD790 /* VLCMediaDiscoverer.h in Copy Headers */,
				7A5ECB5911DE961700F66AF3 /* VLCTime.h in Copy Headers */,
			);
			name = "Copy Headers";
			runOnlyForDeploymentPostprocessing = 0;
		};
		7D89394C1B500DBC008F2B14 /* CopyFiles */ = {
			isa = PBXCopyFilesBuildPhase;
			buildActionMask = 2147483647;
			dstPath = "include/$(PRODUCT_NAME)";
			dstSubfolderSpec = 16;
			files = (
			);
			runOnlyForDeploymentPostprocessing = 0;
		};
/* End PBXCopyFilesBuildPhase section */

/* Begin PBXFileReference section */
		6360B0E111E7F0C000EAD790 /* VLCMediaDiscoverer.m */ = {isa = PBXFileReference; fileEncoding = 4; lastKnownFileType = sourcecode.c.objc; name = VLCMediaDiscoverer.m; path = Sources/VLCMediaDiscoverer.m; sourceTree = "<group>"; };
		6360B0E311E7F0D300EAD790 /* VLCMediaDiscoverer.h */ = {isa = PBXFileReference; fileEncoding = 4; lastKnownFileType = sourcecode.c.h; name = VLCMediaDiscoverer.h; path = Headers/Public/VLCMediaDiscoverer.h; sourceTree = "<group>"; };
		636E975711EBC67A002FE8A9 /* VLCMediaThumbnailer.m */ = {isa = PBXFileReference; fileEncoding = 4; lastKnownFileType = sourcecode.c.objc; name = VLCMediaThumbnailer.m; path = Sources/VLCMediaThumbnailer.m; sourceTree = "<group>"; };
		636E979011EBC96D002FE8A9 /* VLCMediaThumbnailer.h */ = {isa = PBXFileReference; fileEncoding = 4; lastKnownFileType = sourcecode.c.h; name = VLCMediaThumbnailer.h; path = Headers/Public/VLCMediaThumbnailer.h; sourceTree = "<group>"; };
		7A5ECAC411DE8F7300F66AF3 /* VLCEventManager.m */ = {isa = PBXFileReference; fileEncoding = 4; lastKnownFileType = sourcecode.c.objc; name = VLCEventManager.m; path = Sources/VLCEventManager.m; sourceTree = "<group>"; };
		7A5ECAC511DE8F7300F66AF3 /* VLCLibrary.m */ = {isa = PBXFileReference; fileEncoding = 4; lastKnownFileType = sourcecode.c.objc; name = VLCLibrary.m; path = Sources/VLCLibrary.m; sourceTree = "<group>"; };
		7A5ECAC611DE8F7300F66AF3 /* VLCMedia.m */ = {isa = PBXFileReference; fileEncoding = 4; lastKnownFileType = sourcecode.c.objc; name = VLCMedia.m; path = Sources/VLCMedia.m; sourceTree = "<group>"; };
		7A5ECAC711DE8F7300F66AF3 /* VLCMediaList.m */ = {isa = PBXFileReference; fileEncoding = 4; lastKnownFileType = sourcecode.c.objc; name = VLCMediaList.m; path = Sources/VLCMediaList.m; sourceTree = "<group>"; };
		7A5ECAC811DE8F7300F66AF3 /* VLCMediaPlayer.m */ = {isa = PBXFileReference; fileEncoding = 4; lastKnownFileType = sourcecode.c.objc; name = VLCMediaPlayer.m; path = Sources/VLCMediaPlayer.m; sourceTree = "<group>"; };
		7A5ECAC911DE8F7300F66AF3 /* VLCTime.m */ = {isa = PBXFileReference; fileEncoding = 4; lastKnownFileType = sourcecode.c.objc; name = VLCTime.m; path = Sources/VLCTime.m; sourceTree = "<group>"; };
		7A5ECAD411DE8FAB00F66AF3 /* VLCLibrary.h */ = {isa = PBXFileReference; fileEncoding = 4; lastKnownFileType = sourcecode.c.h; name = VLCLibrary.h; path = Headers/Public/VLCLibrary.h; sourceTree = "<group>"; };
		7A5ECAD511DE8FAB00F66AF3 /* VLCMedia.h */ = {isa = PBXFileReference; fileEncoding = 4; lastKnownFileType = sourcecode.c.h; name = VLCMedia.h; path = Headers/Public/VLCMedia.h; sourceTree = "<group>"; };
		7A5ECAD611DE8FAB00F66AF3 /* VLCMediaList.h */ = {isa = PBXFileReference; fileEncoding = 4; lastKnownFileType = sourcecode.c.h; name = VLCMediaList.h; path = Headers/Public/VLCMediaList.h; sourceTree = "<group>"; };
		7A5ECAD711DE8FAB00F66AF3 /* VLCMediaPlayer.h */ = {isa = PBXFileReference; fileEncoding = 4; lastKnownFileType = sourcecode.c.h; name = VLCMediaPlayer.h; path = Headers/Public/VLCMediaPlayer.h; sourceTree = "<group>"; };
		7A5ECAD811DE8FAB00F66AF3 /* VLCTime.h */ = {isa = PBXFileReference; fileEncoding = 4; lastKnownFileType = sourcecode.c.h; name = VLCTime.h; path = Headers/Public/VLCTime.h; sourceTree = "<group>"; };
		7A5ECAE411DE8FEF00F66AF3 /* VLCLibVLCBridging.h */ = {isa = PBXFileReference; fileEncoding = 4; lastKnownFileType = sourcecode.c.h; name = VLCLibVLCBridging.h; path = Headers/Internal/VLCLibVLCBridging.h; sourceTree = "<group>"; };
		7A5ECAE511DE8FEF00F66AF3 /* VLCEventManager.h */ = {isa = PBXFileReference; fileEncoding = 4; lastKnownFileType = sourcecode.c.h; name = VLCEventManager.h; path = Headers/Internal/VLCEventManager.h; sourceTree = "<group>"; };
		7A5ECB3411DE94D600F66AF3 /* vlc-plugins.h */ = {isa = PBXFileReference; fileEncoding = 4; lastKnownFileType = sourcecode.c.h; name = "vlc-plugins.h"; path = "MobileVLCKit/vlc-plugins.h"; sourceTree = "<group>"; };
		7A5ECB9D11DE975700F66AF3 /* MobileVLCKit.h */ = {isa = PBXFileReference; fileEncoding = 4; lastKnownFileType = sourcecode.c.h; name = MobileVLCKit.h; path = Headers/Public/MobileVLCKit.h; sourceTree = "<group>"; };
		7D5F8009185B72EB00C2CD75 /* VLCMediaListPlayer.m */ = {isa = PBXFileReference; fileEncoding = 4; lastKnownFileType = sourcecode.c.objc; name = VLCMediaListPlayer.m; path = Sources/VLCMediaListPlayer.m; sourceTree = "<group>"; };
		7D5F800B185B730F00C2CD75 /* VLCMediaListPlayer.h */ = {isa = PBXFileReference; fileEncoding = 4; lastKnownFileType = sourcecode.c.h; name = VLCMediaListPlayer.h; path = Headers/Public/VLCMediaListPlayer.h; sourceTree = "<group>"; };
		7D8938951B500042008F2B14 /* vlc-plugins.xcconfig */ = {isa = PBXFileReference; lastKnownFileType = text.xcconfig; name = "vlc-plugins.xcconfig"; path = "MobileVLCKit/vlc-plugins.xcconfig"; sourceTree = "<group>"; };
		7D8938BB1B5008E9008F2B14 /* Info.plist */ = {isa = PBXFileReference; lastKnownFileType = text.plist.xml; path = Info.plist; sourceTree = "<group>"; };
		7D8938E81B500984008F2B14 /* QuartzCore.framework */ = {isa = PBXFileReference; lastKnownFileType = wrapper.framework; name = QuartzCore.framework; path = System/Library/Frameworks/QuartzCore.framework; sourceTree = SDKROOT; };
		7D8938EA1B50098C008F2B14 /* CFNetwork.framework */ = {isa = PBXFileReference; lastKnownFileType = wrapper.framework; name = CFNetwork.framework; path = System/Library/Frameworks/CFNetwork.framework; sourceTree = SDKROOT; };
		7D8938EC1B500991008F2B14 /* CoreGraphics.framework */ = {isa = PBXFileReference; lastKnownFileType = wrapper.framework; name = CoreGraphics.framework; path = System/Library/Frameworks/CoreGraphics.framework; sourceTree = SDKROOT; };
		7D8938EE1B500998008F2B14 /* CoreText.framework */ = {isa = PBXFileReference; lastKnownFileType = wrapper.framework; name = CoreText.framework; path = System/Library/Frameworks/CoreText.framework; sourceTree = SDKROOT; };
		7D8938F01B5009A2008F2B14 /* AudioToolbox.framework */ = {isa = PBXFileReference; lastKnownFileType = wrapper.framework; name = AudioToolbox.framework; path = System/Library/Frameworks/AudioToolbox.framework; sourceTree = SDKROOT; };
		7D8938F21B5009A7008F2B14 /* CoreVideo.framework */ = {isa = PBXFileReference; lastKnownFileType = wrapper.framework; name = CoreVideo.framework; path = System/Library/Frameworks/CoreVideo.framework; sourceTree = SDKROOT; };
		7D8938F51B5009B4008F2B14 /* CoreMedia.framework */ = {isa = PBXFileReference; lastKnownFileType = wrapper.framework; name = CoreMedia.framework; path = System/Library/Frameworks/CoreMedia.framework; sourceTree = SDKROOT; };
		7D8938F71B5009BE008F2B14 /* VideoToolbox.framework */ = {isa = PBXFileReference; lastKnownFileType = wrapper.framework; name = VideoToolbox.framework; path = System/Library/Frameworks/VideoToolbox.framework; sourceTree = SDKROOT; };
		7D8938F91B5009C2008F2B14 /* Security.framework */ = {isa = PBXFileReference; lastKnownFileType = wrapper.framework; name = Security.framework; path = System/Library/Frameworks/Security.framework; sourceTree = SDKROOT; };
		7D8938FB1B5009CB008F2B14 /* UIKit.framework */ = {isa = PBXFileReference; lastKnownFileType = wrapper.framework; name = UIKit.framework; path = System/Library/Frameworks/UIKit.framework; sourceTree = SDKROOT; };
		7D8938FD1B5009D2008F2B14 /* OpenGLES.framework */ = {isa = PBXFileReference; lastKnownFileType = wrapper.framework; name = OpenGLES.framework; path = System/Library/Frameworks/OpenGLES.framework; sourceTree = SDKROOT; };
		7D8938FF1B5009D8008F2B14 /* libc++.dylib */ = {isa = PBXFileReference; lastKnownFileType = "compiled.mach-o.dylib"; name = "libc++.dylib"; path = "usr/lib/libc++.dylib"; sourceTree = SDKROOT; };
		7D8939011B5009DD008F2B14 /* CoreFoundation.framework */ = {isa = PBXFileReference; lastKnownFileType = wrapper.framework; name = CoreFoundation.framework; path = System/Library/Frameworks/CoreFoundation.framework; sourceTree = SDKROOT; };
		7D8939031B5009E2008F2B14 /* libiconv.dylib */ = {isa = PBXFileReference; lastKnownFileType = "compiled.mach-o.dylib"; name = libiconv.dylib; path = usr/lib/libiconv.dylib; sourceTree = SDKROOT; };
		7D8939271B500D1C008F2B14 /* DynamicMobileVLCKit.framework */ = {isa = PBXFileReference; explicitFileType = wrapper.framework; includeInIndex = 0; path = DynamicMobileVLCKit.framework; sourceTree = BUILT_PRODUCTS_DIR; };
		7D89392A1B500D1C008F2B14 /* Info.plist */ = {isa = PBXFileReference; lastKnownFileType = text.plist.xml; path = Info.plist; sourceTree = "<group>"; };
		7D89392B1B500D1C008F2B14 /* DynamicMobileVLCKit.h */ = {isa = PBXFileReference; lastKnownFileType = sourcecode.c.h; path = DynamicMobileVLCKit.h; sourceTree = "<group>"; };
		7D89394E1B500DBC008F2B14 /* libStaticLibVLC.a */ = {isa = PBXFileReference; explicitFileType = archive.ar; includeInIndex = 0; path = libStaticLibVLC.a; sourceTree = BUILT_PRODUCTS_DIR; };
		7D8939521B500DBC008F2B14 /* StaticLibVLC.m */ = {isa = PBXFileReference; lastKnownFileType = sourcecode.c.objc; path = StaticLibVLC.m; sourceTree = "<group>"; };
		AA747D9E0F9514B9006C5449 /* MobileVLCKit_Prefix.pch */ = {isa = PBXFileReference; fileEncoding = 4; lastKnownFileType = sourcecode.c.h; path = MobileVLCKit_Prefix.pch; sourceTree = SOURCE_ROOT; };
		AACBBE490F95108600F1A2B1 /* Foundation.framework */ = {isa = PBXFileReference; lastKnownFileType = wrapper.framework; name = Foundation.framework; path = System/Library/Frameworks/Foundation.framework; sourceTree = SDKROOT; };
		D2AAC07E0554694100DB518D /* libMobileVLCKit.a */ = {isa = PBXFileReference; explicitFileType = archive.ar; includeInIndex = 0; path = libMobileVLCKit.a; sourceTree = BUILT_PRODUCTS_DIR; };
/* End PBXFileReference section */

/* Begin PBXFrameworksBuildPhase section */
		7D8939231B500D1C008F2B14 /* Frameworks */ = {
			isa = PBXFrameworksBuildPhase;
			buildActionMask = 2147483647;
			files = (
				7D8939651B500F13008F2B14 /* libStaticLibVLC.a in Frameworks */,
				7D8939661B500F38008F2B14 /* libiconv.dylib in Frameworks */,
				7D8939671B500F38008F2B14 /* CoreFoundation.framework in Frameworks */,
				7D8939681B500F38008F2B14 /* libc++.dylib in Frameworks */,
				7D8939691B500F38008F2B14 /* OpenGLES.framework in Frameworks */,
				7D89396A1B500F38008F2B14 /* UIKit.framework in Frameworks */,
				7D89396B1B500F38008F2B14 /* Security.framework in Frameworks */,
				7D89396C1B500F38008F2B14 /* VideoToolbox.framework in Frameworks */,
				7D89396D1B500F38008F2B14 /* CoreMedia.framework in Frameworks */,
				7D89396E1B500F38008F2B14 /* CoreVideo.framework in Frameworks */,
				7D89396F1B500F38008F2B14 /* AudioToolbox.framework in Frameworks */,
				7D8939701B500F38008F2B14 /* CoreText.framework in Frameworks */,
				7D8939711B500F38008F2B14 /* CoreGraphics.framework in Frameworks */,
				7D8939721B500F38008F2B14 /* CFNetwork.framework in Frameworks */,
				7D8939731B500F38008F2B14 /* QuartzCore.framework in Frameworks */,
				7D8939741B500F38008F2B14 /* Foundation.framework in Frameworks */,
			);
			runOnlyForDeploymentPostprocessing = 0;
		};
		7D89394B1B500DBC008F2B14 /* Frameworks */ = {
			isa = PBXFrameworksBuildPhase;
			buildActionMask = 2147483647;
			files = (
			);
			runOnlyForDeploymentPostprocessing = 0;
		};
		D2AAC07C0554694100DB518D /* Frameworks */ = {
			isa = PBXFrameworksBuildPhase;
			buildActionMask = 2147483647;
			files = (
				AACBBE4A0F95108600F1A2B1 /* Foundation.framework in Frameworks */,
			);
			runOnlyForDeploymentPostprocessing = 0;
		};
/* End PBXFrameworksBuildPhase section */

/* Begin PBXGroup section */
		034768DFFF38A50411DB9C8B /* Products */ = {
			isa = PBXGroup;
			children = (
				D2AAC07E0554694100DB518D /* libMobileVLCKit.a */,
				7D8939271B500D1C008F2B14 /* DynamicMobileVLCKit.framework */,
				7D89394E1B500DBC008F2B14 /* libStaticLibVLC.a */,
			);
			name = Products;
			sourceTree = "<group>";
		};
		0867D691FE84028FC02AAC07 /* MobileVLCKit */ = {
			isa = PBXGroup;
			children = (
				7A5ECAE211DE8FD200F66AF3 /* Headers */,
				08FB77AEFE84172EC02AAC07 /* Sources */,
				32C88DFF0371C24200C91783 /* Other Sources */,
				7D8938B91B5008E9008F2B14 /* MobileVLCKit-dynamic */,
				7D8939281B500D1C008F2B14 /* DynamicMobileVLCKit */,
				7D89394F1B500DBC008F2B14 /* StaticLibVLC */,
				0867D69AFE84028FC02AAC07 /* Frameworks */,
				034768DFFF38A50411DB9C8B /* Products */,
			);
			name = MobileVLCKit;
			sourceTree = "<group>";
		};
		0867D69AFE84028FC02AAC07 /* Frameworks */ = {
			isa = PBXGroup;
			children = (
				7D8939031B5009E2008F2B14 /* libiconv.dylib */,
				7D8939011B5009DD008F2B14 /* CoreFoundation.framework */,
				7D8938FF1B5009D8008F2B14 /* libc++.dylib */,
				7D8938FD1B5009D2008F2B14 /* OpenGLES.framework */,
				7D8938FB1B5009CB008F2B14 /* UIKit.framework */,
				7D8938F91B5009C2008F2B14 /* Security.framework */,
				7D8938F71B5009BE008F2B14 /* VideoToolbox.framework */,
				7D8938F51B5009B4008F2B14 /* CoreMedia.framework */,
				7D8938F21B5009A7008F2B14 /* CoreVideo.framework */,
				7D8938F01B5009A2008F2B14 /* AudioToolbox.framework */,
				7D8938EE1B500998008F2B14 /* CoreText.framework */,
				7D8938EC1B500991008F2B14 /* CoreGraphics.framework */,
				7D8938EA1B50098C008F2B14 /* CFNetwork.framework */,
				7D8938E81B500984008F2B14 /* QuartzCore.framework */,
				AACBBE490F95108600F1A2B1 /* Foundation.framework */,
			);
			name = Frameworks;
			sourceTree = "<group>";
		};
		08FB77AEFE84172EC02AAC07 /* Sources */ = {
			isa = PBXGroup;
			children = (
				7A5ECAC411DE8F7300F66AF3 /* VLCEventManager.m */,
				7A5ECAC511DE8F7300F66AF3 /* VLCLibrary.m */,
				7A5ECAC611DE8F7300F66AF3 /* VLCMedia.m */,
				7A5ECAC711DE8F7300F66AF3 /* VLCMediaList.m */,
				7A5ECAC811DE8F7300F66AF3 /* VLCMediaPlayer.m */,
				7D5F8009185B72EB00C2CD75 /* VLCMediaListPlayer.m */,
				636E975711EBC67A002FE8A9 /* VLCMediaThumbnailer.m */,
				6360B0E111E7F0C000EAD790 /* VLCMediaDiscoverer.m */,
				7A5ECAC911DE8F7300F66AF3 /* VLCTime.m */,
			);
			name = Sources;
			sourceTree = "<group>";
		};
		32C88DFF0371C24200C91783 /* Other Sources */ = {
			isa = PBXGroup;
			children = (
				7D8938951B500042008F2B14 /* vlc-plugins.xcconfig */,
				AA747D9E0F9514B9006C5449 /* MobileVLCKit_Prefix.pch */,
			);
			name = "Other Sources";
			sourceTree = "<group>";
		};
		7A5ECAE211DE8FD200F66AF3 /* Headers */ = {
			isa = PBXGroup;
			children = (
				7A5ECB9D11DE975700F66AF3 /* MobileVLCKit.h */,
				7A5ECAE311DE8FDF00F66AF3 /* Internal */,
				7A5ECAD411DE8FAB00F66AF3 /* VLCLibrary.h */,
				7A5ECAD511DE8FAB00F66AF3 /* VLCMedia.h */,
				636E979011EBC96D002FE8A9 /* VLCMediaThumbnailer.h */,
				7A5ECAD611DE8FAB00F66AF3 /* VLCMediaList.h */,
				7A5ECAD711DE8FAB00F66AF3 /* VLCMediaPlayer.h */,
				7D5F800B185B730F00C2CD75 /* VLCMediaListPlayer.h */,
				6360B0E311E7F0D300EAD790 /* VLCMediaDiscoverer.h */,
				7A5ECAD811DE8FAB00F66AF3 /* VLCTime.h */,
			);
			name = Headers;
			sourceTree = "<group>";
		};
		7A5ECAE311DE8FDF00F66AF3 /* Internal */ = {
			isa = PBXGroup;
			children = (
				7A5ECB3411DE94D600F66AF3 /* vlc-plugins.h */,
				7A5ECAE411DE8FEF00F66AF3 /* VLCLibVLCBridging.h */,
				7A5ECAE511DE8FEF00F66AF3 /* VLCEventManager.h */,
			);
			name = Internal;
			sourceTree = "<group>";
		};
		7D8938B91B5008E9008F2B14 /* MobileVLCKit-dynamic */ = {
			isa = PBXGroup;
			children = (
				7D8938BA1B5008E9008F2B14 /* Supporting Files */,
			);
			path = "MobileVLCKit-dynamic";
			sourceTree = "<group>";
		};
		7D8938BA1B5008E9008F2B14 /* Supporting Files */ = {
			isa = PBXGroup;
			children = (
				7D8938BB1B5008E9008F2B14 /* Info.plist */,
			);
			name = "Supporting Files";
			sourceTree = "<group>";
		};
		7D8939281B500D1C008F2B14 /* DynamicMobileVLCKit */ = {
			isa = PBXGroup;
			children = (
				7D89392B1B500D1C008F2B14 /* DynamicMobileVLCKit.h */,
				7D8939291B500D1C008F2B14 /* Supporting Files */,
			);
			path = DynamicMobileVLCKit;
			sourceTree = "<group>";
		};
		7D8939291B500D1C008F2B14 /* Supporting Files */ = {
			isa = PBXGroup;
			children = (
				7D89392A1B500D1C008F2B14 /* Info.plist */,
			);
			name = "Supporting Files";
			sourceTree = "<group>";
		};
		7D89394F1B500DBC008F2B14 /* StaticLibVLC */ = {
			isa = PBXGroup;
			children = (
				7D8939521B500DBC008F2B14 /* StaticLibVLC.m */,
			);
			path = StaticLibVLC;
			sourceTree = "<group>";
		};
/* End PBXGroup section */

/* Begin PBXHeadersBuildPhase section */
		7D8939241B500D1C008F2B14 /* Headers */ = {
			isa = PBXHeadersBuildPhase;
			buildActionMask = 2147483647;
			files = (
				7D89392C1B500D1C008F2B14 /* DynamicMobileVLCKit.h in Headers */,
				7DDC020B1B501ECF0078FC84 /* VLCLibrary.h in Headers */,
				7DDC020C1B501ECF0078FC84 /* VLCMedia.h in Headers */,
				7DDC020D1B501ECF0078FC84 /* VLCMediaThumbnailer.h in Headers */,
				7DDC020E1B501ECF0078FC84 /* VLCMediaList.h in Headers */,
				7DDC020F1B501ECF0078FC84 /* VLCMediaPlayer.h in Headers */,
				7DDC02101B501ECF0078FC84 /* VLCMediaListPlayer.h in Headers */,
				7DDC02111B501ECF0078FC84 /* VLCMediaDiscoverer.h in Headers */,
				7DDC02121B501ECF0078FC84 /* VLCTime.h in Headers */,
				7DDC02141B501ED70078FC84 /* vlc-plugins.h in Headers */,
				7DDC02151B501ED70078FC84 /* VLCLibVLCBridging.h in Headers */,
				7DDC02161B501ED70078FC84 /* VLCEventManager.h in Headers */,
			);
			runOnlyForDeploymentPostprocessing = 0;
		};
/* End PBXHeadersBuildPhase section */

/* Begin PBXNativeTarget section */
		7D8939261B500D1C008F2B14 /* DynamicMobileVLCKit */ = {
			isa = PBXNativeTarget;
			buildConfigurationList = 7D89393A1B500D1D008F2B14 /* Build configuration list for PBXNativeTarget "DynamicMobileVLCKit" */;
			buildPhases = (
				7D8939221B500D1C008F2B14 /* Sources */,
				7D8939231B500D1C008F2B14 /* Frameworks */,
				7D8939241B500D1C008F2B14 /* Headers */,
				7D8939251B500D1C008F2B14 /* Resources */,
			);
			buildRules = (
			);
			dependencies = (
			);
			name = DynamicMobileVLCKit;
			productName = DynamicMobileVLCKit;
			productReference = 7D8939271B500D1C008F2B14 /* DynamicMobileVLCKit.framework */;
			productType = "com.apple.product-type.framework";
		};
		7D89394D1B500DBC008F2B14 /* StaticLibVLC */ = {
			isa = PBXNativeTarget;
			buildConfigurationList = 7D89395F1B500DBC008F2B14 /* Build configuration list for PBXNativeTarget "StaticLibVLC" */;
			buildPhases = (
				7D89394A1B500DBC008F2B14 /* Sources */,
				7D89394B1B500DBC008F2B14 /* Frameworks */,
				7D89394C1B500DBC008F2B14 /* CopyFiles */,
			);
			buildRules = (
			);
			dependencies = (
			);
			name = StaticLibVLC;
			productName = StaticLibVLC;
			productReference = 7D89394E1B500DBC008F2B14 /* libStaticLibVLC.a */;
			productType = "com.apple.product-type.library.static";
		};
		D2AAC07D0554694100DB518D /* MobileVLCKit */ = {
			isa = PBXNativeTarget;
			buildConfigurationList = 1DEB921E08733DC00010E9CD /* Build configuration list for PBXNativeTarget "MobileVLCKit" */;
			buildPhases = (
				D2AAC07B0554694100DB518D /* Sources */,
				7A5ECB6211DE961B00F66AF3 /* Copy Headers */,
				D2AAC07C0554694100DB518D /* Frameworks */,
			);
			buildRules = (
			);
			dependencies = (
			);
			name = MobileVLCKit;
			productName = MobileVLCKit;
			productReference = D2AAC07E0554694100DB518D /* libMobileVLCKit.a */;
			productType = "com.apple.product-type.library.static";
		};
/* End PBXNativeTarget section */

/* Begin PBXProject section */
		0867D690FE84028FC02AAC07 /* Project object */ = {
			isa = PBXProject;
			attributes = {
				LastUpgradeCheck = 0420;
				TargetAttributes = {
					7D8939261B500D1C008F2B14 = {
						CreatedOnToolsVersion = 6.4;
					};
					7D89394D1B500DBC008F2B14 = {
						CreatedOnToolsVersion = 6.4;
					};
				};
			};
			buildConfigurationList = 1DEB922208733DC00010E9CD /* Build configuration list for PBXProject "MobileVLCKit" */;
			compatibilityVersion = "Xcode 3.2";
			developmentRegion = English;
			hasScannedForEncodings = 1;
			knownRegions = (
				en,
			);
			mainGroup = 0867D691FE84028FC02AAC07 /* MobileVLCKit */;
			productRefGroup = 034768DFFF38A50411DB9C8B /* Products */;
			projectDirPath = "";
			projectRoot = "";
			targets = (
				D2AAC07D0554694100DB518D /* MobileVLCKit */,
				7D8939261B500D1C008F2B14 /* DynamicMobileVLCKit */,
				7D89394D1B500DBC008F2B14 /* StaticLibVLC */,
			);
		};
/* End PBXProject section */

/* Begin PBXResourcesBuildPhase section */
		7D8939251B500D1C008F2B14 /* Resources */ = {
			isa = PBXResourcesBuildPhase;
			buildActionMask = 2147483647;
			files = (
			);
			runOnlyForDeploymentPostprocessing = 0;
		};
/* End PBXResourcesBuildPhase section */

/* Begin PBXSourcesBuildPhase section */
		7D8939221B500D1C008F2B14 /* Sources */ = {
			isa = PBXSourcesBuildPhase;
			buildActionMask = 2147483647;
			files = (
				7D8939401B500D50008F2B14 /* VLCEventManager.m in Sources */,
				7D8939411B500D50008F2B14 /* VLCLibrary.m in Sources */,
				7D8939421B500D50008F2B14 /* VLCMedia.m in Sources */,
				7D8939431B500D50008F2B14 /* VLCMediaList.m in Sources */,
				7D8939441B500D51008F2B14 /* VLCMediaPlayer.m in Sources */,
				7D8939451B500D51008F2B14 /* VLCMediaListPlayer.m in Sources */,
				7D8939461B500D51008F2B14 /* VLCMediaThumbnailer.m in Sources */,
				7D8939471B500D51008F2B14 /* VLCMediaDiscoverer.m in Sources */,
				7D8939481B500D51008F2B14 /* VLCTime.m in Sources */,
			);
			runOnlyForDeploymentPostprocessing = 0;
		};
		7D89394A1B500DBC008F2B14 /* Sources */ = {
			isa = PBXSourcesBuildPhase;
			buildActionMask = 2147483647;
			files = (
				7D8939531B500DBC008F2B14 /* StaticLibVLC.m in Sources */,
			);
			runOnlyForDeploymentPostprocessing = 0;
		};
		D2AAC07B0554694100DB518D /* Sources */ = {
			isa = PBXSourcesBuildPhase;
			buildActionMask = 2147483647;
			files = (
				7A5ECACB11DE8F7300F66AF3 /* VLCEventManager.m in Sources */,
				7D5F800A185B72EB00C2CD75 /* VLCMediaListPlayer.m in Sources */,
				7A5ECACC11DE8F7300F66AF3 /* VLCLibrary.m in Sources */,
				7A5ECACD11DE8F7300F66AF3 /* VLCMedia.m in Sources */,
				7A5ECACE11DE8F7300F66AF3 /* VLCMediaList.m in Sources */,
				7A5ECACF11DE8F7300F66AF3 /* VLCMediaPlayer.m in Sources */,
				7A5ECAD011DE8F7300F66AF3 /* VLCTime.m in Sources */,
				6360B0E211E7F0C000EAD790 /* VLCMediaDiscoverer.m in Sources */,
				636E975811EBC67A002FE8A9 /* VLCMediaThumbnailer.m in Sources */,
			);
			runOnlyForDeploymentPostprocessing = 0;
		};
/* End PBXSourcesBuildPhase section */

/* Begin XCBuildConfiguration section */
		1DEB922008733DC00010E9CD /* Release */ = {
			isa = XCBuildConfiguration;
			baseConfigurationReference = 7D8938951B500042008F2B14 /* vlc-plugins.xcconfig */;
			buildSettings = {
				ALWAYS_SEARCH_USER_PATHS = NO;
				ARCHS = (
					"$(ARCHS_STANDARD_INCLUDING_64_BIT)",
					armv7s,
				);
				CLANG_CXX_LIBRARY = "libc++";
				CLANG_ENABLE_OBJC_ARC = YES;
				DSTROOT = /tmp/MobileVLCKit.dst;
				ENABLE_NS_ASSERTIONS = NO;
				GCC_C_LANGUAGE_STANDARD = gnu11;
				GCC_PRECOMPILE_PREFIX_HEADER = YES;
				GCC_PREFIX_HEADER = MobileVLCKit_Prefix.pch;
				GCC_SYMBOLS_PRIVATE_EXTERN = YES;
				HEADER_SEARCH_PATHS = "$(SRCROOT)/MobileVLCKit/ImportedSources/vlc/include";
				INSTALL_PATH = /usr/local/lib;
				IPHONEOS_DEPLOYMENT_TARGET = 7.0;
				OTHER_LIBTOOLFLAGS = "$(PROJECT_DIR)/MobileVLCKit/ImportedSources/vlc/install-ios/core/libcompat.a $(PROJECT_DIR)/MobileVLCKit/ImportedSources/vlc/install-ios/core/libvlc.a $(PROJECT_DIR)/MobileVLCKit/ImportedSources/vlc/install-ios/core/libvlccore.a $(VLC_PLUGINS_LDFLAGS) $(OTHER_CFLAGS)";
				PRODUCT_NAME = MobileVLCKit;
			};
			name = Release;
		};
		1DEB922408733DC00010E9CD /* Release */ = {
			isa = XCBuildConfiguration;
			buildSettings = {
				ARCHS = "$(ARCHS_STANDARD_32_BIT)";
				GCC_C_LANGUAGE_STANDARD = c99;
				GCC_WARN_ABOUT_RETURN_TYPE = YES;
				GCC_WARN_UNUSED_VARIABLE = YES;
				IPHONEOS_DEPLOYMENT_TARGET = 7.0;
				OTHER_LDFLAGS = "-ObjC";
				SDKROOT = iphoneos;
				SKIP_INSTALL = YES;
			};
			name = Release;
		};
		7D8938931B500013008F2B14 /* Debug */ = {
			isa = XCBuildConfiguration;
			buildSettings = {
				ARCHS = "$(ARCHS_STANDARD_32_BIT)";
				GCC_C_LANGUAGE_STANDARD = c99;
				GCC_WARN_ABOUT_RETURN_TYPE = YES;
				GCC_WARN_UNUSED_VARIABLE = YES;
				IPHONEOS_DEPLOYMENT_TARGET = 7.0;
				OTHER_LDFLAGS = "-ObjC";
				SDKROOT = iphoneos;
				SKIP_INSTALL = YES;
			};
			name = Debug;
		};
		7D8938941B500013008F2B14 /* Debug */ = {
			isa = XCBuildConfiguration;
			baseConfigurationReference = 7D8938951B500042008F2B14 /* vlc-plugins.xcconfig */;
			buildSettings = {
				ALWAYS_SEARCH_USER_PATHS = NO;
				ARCHS = (
					"$(ARCHS_STANDARD_INCLUDING_64_BIT)",
					armv7s,
				);
				CLANG_CXX_LIBRARY = "libc++";
				CLANG_ENABLE_OBJC_ARC = YES;
				DSTROOT = /tmp/MobileVLCKit.dst;
				ENABLE_NS_ASSERTIONS = NO;
				GCC_C_LANGUAGE_STANDARD = gnu11;
				GCC_PRECOMPILE_PREFIX_HEADER = YES;
				GCC_PREFIX_HEADER = MobileVLCKit_Prefix.pch;
				GCC_SYMBOLS_PRIVATE_EXTERN = YES;
				HEADER_SEARCH_PATHS = "$(SRCROOT)/MobileVLCKit/ImportedSources/vlc/include";
				INSTALL_PATH = /usr/local/lib;
				IPHONEOS_DEPLOYMENT_TARGET = 7.0;
				OTHER_LIBTOOLFLAGS = "$(PROJECT_DIR)/MobileVLCKit/ImportedSources/vlc/install-ios/core/libcompat.a $(PROJECT_DIR)/MobileVLCKit/ImportedSources/vlc/install-ios/core/libvlc.a $(PROJECT_DIR)/MobileVLCKit/ImportedSources/vlc/install-ios/core/libvlccore.a $(VLC_PLUGINS_LDFLAGS) $(OTHER_CFLAGS)";
				PRODUCT_NAME = MobileVLCKit;
			};
			name = Debug;
		};
		7D89393B1B500D1D008F2B14 /* Release */ = {
			isa = XCBuildConfiguration;
			buildSettings = {
				ALWAYS_SEARCH_USER_PATHS = NO;
				CLANG_CXX_LANGUAGE_STANDARD = "gnu++0x";
				CLANG_CXX_LIBRARY = "libc++";
				CLANG_ENABLE_MODULES = YES;
				CLANG_ENABLE_OBJC_ARC = YES;
				CLANG_WARN_BOOL_CONVERSION = YES;
				CLANG_WARN_CONSTANT_CONVERSION = YES;
				CLANG_WARN_DIRECT_OBJC_ISA_USAGE = YES_ERROR;
				CLANG_WARN_EMPTY_BODY = YES;
				CLANG_WARN_ENUM_CONVERSION = YES;
				CLANG_WARN_INT_CONVERSION = YES;
				CLANG_WARN_OBJC_ROOT_CLASS = YES_ERROR;
				CLANG_WARN_UNREACHABLE_CODE = YES;
				CLANG_WARN__DUPLICATE_METHOD_MATCH = YES;
				"CODE_SIGN_IDENTITY[sdk=iphoneos*]" = "iPhone Developer";
				COPY_PHASE_STRIP = NO;
				CURRENT_PROJECT_VERSION = 1;
				DEBUG_INFORMATION_FORMAT = "dwarf-with-dsym";
				DEFINES_MODULE = YES;
				DYLIB_COMPATIBILITY_VERSION = 1;
				DYLIB_CURRENT_VERSION = 1;
				DYLIB_INSTALL_NAME_BASE = "@rpath";
				ENABLE_NS_ASSERTIONS = NO;
				ENABLE_STRICT_OBJC_MSGSEND = YES;
				GCC_C_LANGUAGE_STANDARD = gnu99;
				GCC_NO_COMMON_BLOCKS = YES;
				GCC_PREFIX_HEADER = MobileVLCKit_Prefix.pch;
				GCC_WARN_64_TO_32_BIT_CONVERSION = YES;
				GCC_WARN_ABOUT_RETURN_TYPE = YES_ERROR;
				GCC_WARN_UNDECLARED_SELECTOR = YES;
				GCC_WARN_UNINITIALIZED_AUTOS = YES_AGGRESSIVE;
				GCC_WARN_UNUSED_FUNCTION = YES;
				HEADER_SEARCH_PATHS = (
					"$(inherited)",
					/Applications/Xcode.app/Contents/Developer/Toolchains/XcodeDefault.xctoolchain/usr/include,
					"$(PROJECT_DIR)/MobileVLCKit/ImportedSources/vlc/include",
				);
				INFOPLIST_FILE = DynamicMobileVLCKit/Info.plist;
				INSTALL_PATH = "$(LOCAL_LIBRARY_DIR)/Frameworks";
				IPHONEOS_DEPLOYMENT_TARGET = 8.4;
				LD_RUNPATH_SEARCH_PATHS = "$(inherited) @executable_path/Frameworks @loader_path/Frameworks";
				MTL_ENABLE_DEBUG_INFO = NO;
				OTHER_LDFLAGS = (
					"-ObjC",
					"-read_only_relocs",
					suppress,
				);
				OTHER_LIBTOOLFLAGS = "-read_only_relocs suppress";
				PRODUCT_NAME = "$(TARGET_NAME)";
				SKIP_INSTALL = YES;
				TARGETED_DEVICE_FAMILY = "1,2";
				VALIDATE_PRODUCT = YES;
				VERSIONING_SYSTEM = "apple-generic";
				VERSION_INFO_PREFIX = "";
			};
			name = Release;
		};
		7D89393C1B500D1D008F2B14 /* Debug */ = {
			isa = XCBuildConfiguration;
			buildSettings = {
				ALWAYS_SEARCH_USER_PATHS = NO;
				CLANG_CXX_LANGUAGE_STANDARD = "gnu++0x";
				CLANG_CXX_LIBRARY = "libc++";
				CLANG_ENABLE_MODULES = YES;
				CLANG_ENABLE_OBJC_ARC = YES;
				CLANG_WARN_BOOL_CONVERSION = YES;
				CLANG_WARN_CONSTANT_CONVERSION = YES;
				CLANG_WARN_DIRECT_OBJC_ISA_USAGE = YES_ERROR;
				CLANG_WARN_EMPTY_BODY = YES;
				CLANG_WARN_ENUM_CONVERSION = YES;
				CLANG_WARN_INT_CONVERSION = YES;
				CLANG_WARN_OBJC_ROOT_CLASS = YES_ERROR;
				CLANG_WARN_UNREACHABLE_CODE = YES;
				CLANG_WARN__DUPLICATE_METHOD_MATCH = YES;
				"CODE_SIGN_IDENTITY[sdk=iphoneos*]" = "iPhone Developer";
				COPY_PHASE_STRIP = NO;
				CURRENT_PROJECT_VERSION = 1;
				DEBUG_INFORMATION_FORMAT = "dwarf-with-dsym";
				DEFINES_MODULE = YES;
				DYLIB_COMPATIBILITY_VERSION = 1;
				DYLIB_CURRENT_VERSION = 1;
				DYLIB_INSTALL_NAME_BASE = "@rpath";
				ENABLE_STRICT_OBJC_MSGSEND = YES;
				GCC_C_LANGUAGE_STANDARD = gnu99;
				GCC_DYNAMIC_NO_PIC = NO;
				GCC_NO_COMMON_BLOCKS = YES;
				GCC_OPTIMIZATION_LEVEL = 0;
				GCC_PREFIX_HEADER = MobileVLCKit_Prefix.pch;
				GCC_PREPROCESSOR_DEFINITIONS = (
					"DEBUG=1",
					"$(inherited)",
				);
				GCC_SYMBOLS_PRIVATE_EXTERN = NO;
				GCC_WARN_64_TO_32_BIT_CONVERSION = YES;
				GCC_WARN_ABOUT_RETURN_TYPE = YES_ERROR;
				GCC_WARN_UNDECLARED_SELECTOR = YES;
				GCC_WARN_UNINITIALIZED_AUTOS = YES_AGGRESSIVE;
				GCC_WARN_UNUSED_FUNCTION = YES;
				HEADER_SEARCH_PATHS = (
					"$(inherited)",
					/Applications/Xcode.app/Contents/Developer/Toolchains/XcodeDefault.xctoolchain/usr/include,
					"$(PROJECT_DIR)/MobileVLCKit/ImportedSources/vlc/include",
				);
				INFOPLIST_FILE = DynamicMobileVLCKit/Info.plist;
				INSTALL_PATH = "$(LOCAL_LIBRARY_DIR)/Frameworks";
				IPHONEOS_DEPLOYMENT_TARGET = 8.4;
				LD_RUNPATH_SEARCH_PATHS = "$(inherited) @executable_path/Frameworks @loader_path/Frameworks";
				MTL_ENABLE_DEBUG_INFO = YES;
				ONLY_ACTIVE_ARCH = NO;
				OTHER_LDFLAGS = (
					"-ObjC",
					"-read_only_relocs",
					suppress,
				);
				OTHER_LIBTOOLFLAGS = "-read_only_relocs suppress";
				PRODUCT_NAME = "$(TARGET_NAME)";
				SKIP_INSTALL = YES;
				TARGETED_DEVICE_FAMILY = "1,2";
				VERSIONING_SYSTEM = "apple-generic";
				VERSION_INFO_PREFIX = "";
			};
			name = Debug;
		};
		7D8939601B500DBC008F2B14 /* Release */ = {
			isa = XCBuildConfiguration;
			baseConfigurationReference = 7D8938951B500042008F2B14 /* vlc-plugins.xcconfig */;
			buildSettings = {
				ALWAYS_SEARCH_USER_PATHS = NO;
				CLANG_CXX_LANGUAGE_STANDARD = "gnu++0x";
				CLANG_CXX_LIBRARY = "libc++";
				CLANG_ENABLE_MODULES = YES;
				CLANG_ENABLE_OBJC_ARC = YES;
				CLANG_WARN_BOOL_CONVERSION = YES;
				CLANG_WARN_CONSTANT_CONVERSION = YES;
				CLANG_WARN_DIRECT_OBJC_ISA_USAGE = YES_ERROR;
				CLANG_WARN_EMPTY_BODY = YES;
				CLANG_WARN_ENUM_CONVERSION = YES;
				CLANG_WARN_INT_CONVERSION = YES;
				CLANG_WARN_OBJC_ROOT_CLASS = YES_ERROR;
				CLANG_WARN_UNREACHABLE_CODE = YES;
				CLANG_WARN__DUPLICATE_METHOD_MATCH = YES;
				COPY_PHASE_STRIP = NO;
				DEBUG_INFORMATION_FORMAT = "dwarf-with-dsym";
				ENABLE_NS_ASSERTIONS = NO;
				ENABLE_STRICT_OBJC_MSGSEND = YES;
				GCC_C_LANGUAGE_STANDARD = gnu99;
				GCC_NO_COMMON_BLOCKS = YES;
				GCC_WARN_64_TO_32_BIT_CONVERSION = YES;
				GCC_WARN_ABOUT_RETURN_TYPE = YES_ERROR;
				GCC_WARN_UNDECLARED_SELECTOR = YES;
				GCC_WARN_UNINITIALIZED_AUTOS = YES_AGGRESSIVE;
				GCC_WARN_UNUSED_FUNCTION = YES;
				IPHONEOS_DEPLOYMENT_TARGET = 8.0;
				MTL_ENABLE_DEBUG_INFO = NO;
				OTHER_LDFLAGS = "-ObjC";
				OTHER_LIBTOOLFLAGS = "$(PROJECT_DIR)/MobileVLCKit/ImportedSources/vlc/install-ios/core/libvlc.a $(PROJECT_DIR)/MobileVLCKit/ImportedSources/vlc/install-ios/core/libvlccore.a $(PROJECT_DIR)/MobileVLCKit/ImportedSources/vlc/install-ios/core/libcompat.a $(VLC_PLUGINS_LDFLAGS)";
				PRODUCT_NAME = "$(TARGET_NAME)";
				SKIP_INSTALL = YES;
				VALIDATE_PRODUCT = YES;
			};
			name = Release;
		};
		7D8939611B500DBC008F2B14 /* Debug */ = {
			isa = XCBuildConfiguration;
			baseConfigurationReference = 7D8938951B500042008F2B14 /* vlc-plugins.xcconfig */;
			buildSettings = {
				ALWAYS_SEARCH_USER_PATHS = NO;
				CLANG_CXX_LANGUAGE_STANDARD = "gnu++0x";
				CLANG_CXX_LIBRARY = "libc++";
				CLANG_ENABLE_MODULES = YES;
				CLANG_ENABLE_OBJC_ARC = YES;
				CLANG_WARN_BOOL_CONVERSION = YES;
				CLANG_WARN_CONSTANT_CONVERSION = YES;
				CLANG_WARN_DIRECT_OBJC_ISA_USAGE = YES_ERROR;
				CLANG_WARN_EMPTY_BODY = YES;
				CLANG_WARN_ENUM_CONVERSION = YES;
				CLANG_WARN_INT_CONVERSION = YES;
				CLANG_WARN_OBJC_ROOT_CLASS = YES_ERROR;
				CLANG_WARN_UNREACHABLE_CODE = YES;
				CLANG_WARN__DUPLICATE_METHOD_MATCH = YES;
				COPY_PHASE_STRIP = NO;
				DEBUG_INFORMATION_FORMAT = "dwarf-with-dsym";
				ENABLE_STRICT_OBJC_MSGSEND = YES;
				GCC_C_LANGUAGE_STANDARD = gnu99;
				GCC_DYNAMIC_NO_PIC = NO;
				GCC_NO_COMMON_BLOCKS = YES;
				GCC_OPTIMIZATION_LEVEL = 0;
				GCC_PREPROCESSOR_DEFINITIONS = (
					"DEBUG=1",
					"$(inherited)",
				);
				GCC_SYMBOLS_PRIVATE_EXTERN = NO;
				GCC_WARN_64_TO_32_BIT_CONVERSION = YES;
				GCC_WARN_ABOUT_RETURN_TYPE = YES_ERROR;
				GCC_WARN_UNDECLARED_SELECTOR = YES;
				GCC_WARN_UNINITIALIZED_AUTOS = YES_AGGRESSIVE;
				GCC_WARN_UNUSED_FUNCTION = YES;
				IPHONEOS_DEPLOYMENT_TARGET = 8.0;
				MTL_ENABLE_DEBUG_INFO = YES;
				ONLY_ACTIVE_ARCH = YES;
				OTHER_LDFLAGS = "-ObjC";
				OTHER_LIBTOOLFLAGS = "$(PROJECT_DIR)/MobileVLCKit/ImportedSources/vlc/install-ios/core/libvlc.a $(PROJECT_DIR)/MobileVLCKit/ImportedSources/vlc/install-ios/core/libvlccore.a $(PROJECT_DIR)/MobileVLCKit/ImportedSources/vlc/install-ios/core/libcompat.a $(VLC_PLUGINS_LDFLAGS)";
				PRODUCT_NAME = "$(TARGET_NAME)";
				SKIP_INSTALL = YES;
			};
			name = Debug;
		};
/* End XCBuildConfiguration section */

/* Begin XCConfigurationList section */
		1DEB921E08733DC00010E9CD /* Build configuration list for PBXNativeTarget "MobileVLCKit" */ = {
			isa = XCConfigurationList;
			buildConfigurations = (
				1DEB922008733DC00010E9CD /* Release */,
				7D8938941B500013008F2B14 /* Debug */,
			);
			defaultConfigurationIsVisible = 0;
			defaultConfigurationName = Release;
		};
		1DEB922208733DC00010E9CD /* Build configuration list for PBXProject "MobileVLCKit" */ = {
			isa = XCConfigurationList;
			buildConfigurations = (
				1DEB922408733DC00010E9CD /* Release */,
				7D8938931B500013008F2B14 /* Debug */,
			);
			defaultConfigurationIsVisible = 0;
			defaultConfigurationName = Release;
		};
		7D89393A1B500D1D008F2B14 /* Build configuration list for PBXNativeTarget "DynamicMobileVLCKit" */ = {
			isa = XCConfigurationList;
			buildConfigurations = (
				7D89393B1B500D1D008F2B14 /* Release */,
				7D89393C1B500D1D008F2B14 /* Debug */,
			);
			defaultConfigurationIsVisible = 0;
			defaultConfigurationName = Release;
		};
		7D89395F1B500DBC008F2B14 /* Build configuration list for PBXNativeTarget "StaticLibVLC" */ = {
			isa = XCConfigurationList;
			buildConfigurations = (
				7D8939601B500DBC008F2B14 /* Release */,
				7D8939611B500DBC008F2B14 /* Debug */,
			);
			defaultConfigurationIsVisible = 0;
			defaultConfigurationName = Release;
		};
/* End XCConfigurationList section */
	};
	rootObject = 0867D690FE84028FC02AAC07 /* Project object */;
}
